
Microsoft Visual Studio Solution File, Format Version 12.00
# Visual Studio 15
VisualStudioVersion = 15.0.27428.2015
MinimumVisualStudioVersion = 10.0.40219.1
Project("{FAE04EC0-301F-11D3-BF4B-00C04F79EFBC}") = "FilingPortal.Web", "FilingPortal.Web\FilingPortal.Web.csproj", "{52249045-1FF4-45C1-86DA-FC546BE9CF43}"
EndProject
Project("{FAE04EC0-301F-11D3-BF4B-00C04F79EFBC}") = "FilingPortal.Web.Tests", "FilingPortal.Web.Tests\FilingPortal.Web.Tests.csproj", "{C3370808-2F7C-45A4-8408-97C64383EC38}"
EndProject
Project("{FAE04EC0-301F-11D3-BF4B-00C04F79EFBC}") = "FilingPortal.Domain", "FilingPortal.Domain\FilingPortal.Domain.csproj", "{C5756CA9-CE4B-4910-9790-F911796D74FF}"
EndProject
Project("{FAE04EC0-301F-11D3-BF4B-00C04F79EFBC}") = "FilingPortal.Domain.Tests", "FilingPortal.Domain.Tests\FilingPortal.Domain.Tests.csproj", "{1B3C7407-3B0F-46AC-94DE-F054C896B23D}"
EndProject
Project("{2150E333-8FDC-42A3-9474-1A3956D46DE8}") = "Tests", "Tests", "{3A4E6067-D4D5-4380-99E4-C97834466661}"
EndProject
Project("{FAE04EC0-301F-11D3-BF4B-00C04F79EFBC}") = "FilingPortal.DataLayer", "FilingPortal.DataLayer\FilingPortal.DataLayer.csproj", "{61C9408B-65FC-4358-B2E8-285B06893D22}"
EndProject
Project("{FAE04EC0-301F-11D3-BF4B-00C04F79EFBC}") = "FilingPortal.DataLayer.Tests", "FilingPortal.DataLayer.Tests\FilingPortal.DataLayer.Tests.csproj", "{4D36D1AE-FB9B-47FD-A196-07872A411AF2}"
EndProject
Project("{FAE04EC0-301F-11D3-BF4B-00C04F79EFBC}") = "FilingPortal.Infrastructure", "FilingPortal.Infrastructure\FilingPortal.Infrastructure.csproj", "{B33DC68F-2B27-46B9-9327-9129F3E0EBE6}"
EndProject
Project("{FAE04EC0-301F-11D3-BF4B-00C04F79EFBC}") = "FilingPortal.Infrastructure.Tests", "FilingPortal.Infrastructure.Tests\FilingPortal.Infrastructure.Tests.csproj", "{1147CA36-61B4-4C39-AB7F-7E04B680DD12}"
EndProject
Project("{2150E333-8FDC-42A3-9474-1A3956D46DE8}") = "IntegrationTests", "IntegrationTests", "{AF4D0493-4CB9-49C1-9EAB-89C74450FA16}"
EndProject
Project("{2150E333-8FDC-42A3-9474-1A3956D46DE8}") = "Framework", "Framework", "{8B74AC2B-747E-4B0C-8127-7D136393AA3E}"
EndProject
Project("{FAE04EC0-301F-11D3-BF4B-00C04F79EFBC}") = "Framework.DataLayer", "Framework\Framework.DataLayer\Framework.DataLayer.csproj", "{40E2F1E2-0F84-4436-9352-D76A6B6A2FC7}"
EndProject
Project("{FAE04EC0-301F-11D3-BF4B-00C04F79EFBC}") = "Framework.Domain", "Framework\Framework.Domain\Framework.Domain.csproj", "{502E19B9-F26B-4A7A-89C9-E432A6E39036}"
EndProject
Project("{FAE04EC0-301F-11D3-BF4B-00C04F79EFBC}") = "Framework.Infrastructure", "Framework\Framework.Infrastructure\Framework.Infrastructure.csproj", "{ACFA8188-4733-4142-8A02-53861B9A3E37}"
EndProject
Project("{FAE04EC0-301F-11D3-BF4B-00C04F79EFBC}") = "Framework.Tests", "Framework.Tests\Framework.Tests.csproj", "{E50B3543-0182-4162-9828-5C2148CB9C22}"
EndProject
Project("{2150E333-8FDC-42A3-9474-1A3956D46DE8}") = "Plugins", "Plugins", "{BAAD02A2-885F-4906-9AA9-F7C6049AB596}"
EndProject
Project("{2150E333-8FDC-42A3-9474-1A3956D46DE8}") = "Inbond", "Inbond", "{E37DDD92-38EF-4013-AA4E-A38152FA5683}"
EndProject
Project("{FAE04EC0-301F-11D3-BF4B-00C04F79EFBC}") = "FilingPortal.PluginEngine", "FilingPortal.PluginEngine\FilingPortal.PluginEngine.csproj", "{F86952F8-6A1A-4A29-8E24-8A5F72F007C3}"
EndProject
Project("{FAE04EC0-301F-11D3-BF4B-00C04F79EFBC}") = "FilingPortal.Parts.Inbond.DataLayer", "FilingPortal.Parts.Inbond.DataLayer\FilingPortal.Parts.Inbond.DataLayer.csproj", "{EC9B13D9-1887-4182-930B-E12801D8BFAD}"
EndProject
Project("{FAE04EC0-301F-11D3-BF4B-00C04F79EFBC}") = "FilingPortal.Parts.Inbond.Domain", "FilingPortal.Parts.Inbond.Domain\FilingPortal.Parts.Inbond.Domain.csproj", "{25D5C1B7-8413-497A-B388-A2C17379C0C0}"
EndProject
Project("{FAE04EC0-301F-11D3-BF4B-00C04F79EFBC}") = "FilingPortal.Parts.Inbond.Web", "FilingPortal.Parts.Inbond.Web\FilingPortal.Parts.Inbond.Web.csproj", "{318252E8-27CA-479F-A4AC-76842D7E5423}"
EndProject
Project("{2150E333-8FDC-42A3-9474-1A3956D46DE8}") = "Tests", "Tests", "{ED23CF9C-7712-4BCE-9F62-06818053AC9F}"
EndProject
Project("{2150E333-8FDC-42A3-9474-1A3956D46DE8}") = "CanadaTruckImport", "CanadaTruckImport", "{1970A211-9139-407E-82D5-25C6BB1CEB08}"
EndProject
Project("{FAE04EC0-301F-11D3-BF4B-00C04F79EFBC}") = "FilingPortal.Parts.CanadaTruckImport.DataLayer", "FilingPortal.Parts.CanadaTruckImport.DataLayer\FilingPortal.Parts.CanadaTruckImport.DataLayer.csproj", "{256366FD-7FFF-4303-96B9-869B3C178357}"
EndProject
Project("{FAE04EC0-301F-11D3-BF4B-00C04F79EFBC}") = "FilingPortal.Parts.CanadaTruckImport.Domain", "FilingPortal.Parts.CanadaTruckImport.Domain\FilingPortal.Parts.CanadaTruckImport.Domain.csproj", "{3C29955C-92E2-4956-BBEA-4978968AE8C9}"
EndProject
Project("{FAE04EC0-301F-11D3-BF4B-00C04F79EFBC}") = "FilingPortal.Parts.CanadaTruckImport.Web", "FilingPortal.Parts.CanadaTruckImport.Web\FilingPortal.Parts.CanadaTruckImport.Web.csproj", "{C5F21AAD-9F00-45B1-92FE-A73BE2291C4B}"
EndProject
Project("{2150E333-8FDC-42A3-9474-1A3956D46DE8}") = "Tests", "Tests", "{89F90EB8-CE0A-4AF2-A5A2-99DDE8121DB4}"
EndProject
Project("{FAE04EC0-301F-11D3-BF4B-00C04F79EFBC}") = "FilingPortal.Parts.CanadaTruckImport.WebTests", "FilingPortal.Parts.CanadaTruckImport.WebTests\FilingPortal.Parts.CanadaTruckImport.WebTests.csproj", "{F487D26E-3167-47E5-B5E6-15B26ECCE1CF}"
EndProject
Project("{2150E333-8FDC-42A3-9474-1A3956D46DE8}") = "Isf", "Isf", "{DA87C316-AC3C-45BB-B738-38C0CC136050}"
EndProject
Project("{FAE04EC0-301F-11D3-BF4B-00C04F79EFBC}") = "FilingPortal.Parts.Isf.Domain", "FilingPortal.Parts.Isf.Domain\FilingPortal.Parts.Isf.Domain.csproj", "{AE90492D-B2EB-43BF-91BE-D451C2BC6675}"
EndProject
Project("{FAE04EC0-301F-11D3-BF4B-00C04F79EFBC}") = "FilingPortal.Parts.Isf.DataLayer", "FilingPortal.Parts.Isf.DataLayer\FilingPortal.Parts.Isf.DataLayer.csproj", "{A79AADE8-885B-40BF-B0D8-BA6D3905C32F}"
EndProject
Project("{FAE04EC0-301F-11D3-BF4B-00C04F79EFBC}") = "FilingPortal.Parts.Isf.Web", "FilingPortal.Parts.Isf.Web\FilingPortal.Parts.Isf.Web.csproj", "{719A8CB7-56CD-4017-A115-02F41BD5B7F2}"
EndProject
Project("{2150E333-8FDC-42A3-9474-1A3956D46DE8}") = "Tests", "Tests", "{D6F8521F-9763-4CC8-8160-450AA6B6FB6E}"
EndProject
Project("{FAE04EC0-301F-11D3-BF4B-00C04F79EFBC}") = "FilingPortal.Parts.Isf.WebTests", "FilingPortal.Parts.Isf.WebTests\FilingPortal.Parts.Isf.WebTests.csproj", "{5D508DF9-C291-41FC-BDA6-3858DCDD2162}"
EndProject
Project("{FAE04EC0-301F-11D3-BF4B-00C04F79EFBC}") = "FilingPortal.Parts.Inbond.Web.Tests", "FilingPortal.Parts.Inbond.Web.Tests\FilingPortal.Parts.Inbond.Web.Tests.csproj", "{1A682324-C83C-418E-A4C3-450EC7F14EBA}"
EndProject
Project("{FAE04EC0-301F-11D3-BF4B-00C04F79EFBC}") = "FilingPortal.Parts.Inbond.Domain.Tests", "FilingPortal.Parts.Inbond.Domain.Tests\FilingPortal.Parts.Inbond.Domain.Tests.csproj", "{2F5C926F-5658-4E6C-93FF-59A587D76242}"
EndProject
Project("{FAE04EC0-301F-11D3-BF4B-00C04F79EFBC}") = "FilingPortal.Parts.Inbond.DataLayer.Tests", "FilingPortal.Parts.Inbond.DataLayer.Tests\FilingPortal.Parts.Inbond.DataLayer.Tests.csproj", "{9EB3D45C-7BEF-4715-826C-0240697894E7}"
EndProject
Project("{FAE04EC0-301F-11D3-BF4B-00C04F79EFBC}") = "FilingPortal.Parts.CanadaTruckImport.DataLayer.Tests", "FilingPortal.Parts.CanadaTruckImport.DataLayer.Tests\FilingPortal.Parts.CanadaTruckImport.DataLayer.Tests.csproj", "{55489318-362E-48CD-8146-88D750912CDA}"
EndProject
Project("{FAE04EC0-301F-11D3-BF4B-00C04F79EFBC}") = "FilingPortal.Parts.Isf.DataLayer.Tests", "FilingPortal.Parts.Isf.DataLayer.Tests\FilingPortal.Parts.Isf.DataLayer.Tests.csproj", "{1F88AC5D-DBC1-40B6-BAD2-26F6407D1806}"
EndProject
Project("{2150E333-8FDC-42A3-9474-1A3956D46DE8}") = "Rail", "Rail", "{D4CC2D41-BF8B-43B6-B980-984A64F72546}"
EndProject
Project("{2150E333-8FDC-42A3-9474-1A3956D46DE8}") = "Export", "Export", "{AFF59167-2A17-43A4-BECD-821608F64FB8}"
EndProject
Project("{FAE04EC0-301F-11D3-BF4B-00C04F79EFBC}") = "FilingPortal.Parts.Rail.Export.DataLayer", "FilingPortal.Parts.Rail.Export.DataLayer\FilingPortal.Parts.Rail.Export.DataLayer.csproj", "{1397C1FC-A575-4271-942E-433A98C8D1A8}"
EndProject
Project("{FAE04EC0-301F-11D3-BF4B-00C04F79EFBC}") = "FilingPortal.Parts.Rail.Export.Domain", "FilingPortal.Parts.Rail.Export.Domain\FilingPortal.Parts.Rail.Export.Domain.csproj", "{02EE1FEF-C69D-4741-8F00-F0A078C6E7B6}"
EndProject
Project("{FAE04EC0-301F-11D3-BF4B-00C04F79EFBC}") = "FilingPortal.Parts.Rail.Export.Web", "FilingPortal.Parts.Rail.Export.Web\FilingPortal.Parts.Rail.Export.Web.csproj", "{4695BF8A-B33B-4C14-8C48-179D535DD578}"
EndProject
Project("{2150E333-8FDC-42A3-9474-1A3956D46DE8}") = "Tests", "Tests", "{7A904D63-1F1F-4411-BAFE-1CF03CE36E59}"
EndProject
Project("{FAE04EC0-301F-11D3-BF4B-00C04F79EFBC}") = "FilingPortal.Parts.Rail.Export.DataLayer.Tests", "FilingPortal.Parts.Rail.Export.DataLayer.Tests\FilingPortal.Parts.Rail.Export.DataLayer.Tests.csproj", "{CF1A9ECA-4F1A-4ADC-9D5A-33E153AD28C9}"
EndProject
Project("{FAE04EC0-301F-11D3-BF4B-00C04F79EFBC}") = "FilingPortal.Parts.Rail.Export.WebTests", "FilingPortal.Parts.Rail.Export.WebTests\FilingPortal.Parts.Rail.Export.WebTests.csproj", "{CA72FE1E-B3A8-45A7-AD48-9CDD1CDB633E}"
EndProject
Project("{2150E333-8FDC-42A3-9474-1A3956D46DE8}") = "Recon", "Recon", "{CAD17814-981E-42E1-B642-D1C64A784EBB}"
EndProject
Project("{2150E333-8FDC-42A3-9474-1A3956D46DE8}") = "Tests", "Tests", "{C4116E32-C626-41A7-8739-AFA6A22C0654}"
EndProject
Project("{FAE04EC0-301F-11D3-BF4B-00C04F79EFBC}") = "FilingPortal.Parts.Recon.DataLayer", "FilingPortal.Parts.Recon.DataLayer\FilingPortal.Parts.Recon.DataLayer.csproj", "{1DC79147-342B-4057-9D8B-E88D4750D286}"
EndProject
Project("{FAE04EC0-301F-11D3-BF4B-00C04F79EFBC}") = "FilingPortal.Parts.Recon.Domain", "FilingPortal.Parts.Recon.Domain\FilingPortal.Parts.Recon.Domain.csproj", "{F57F9848-AC43-4F25-B6FA-77765508F7D1}"
EndProject
Project("{FAE04EC0-301F-11D3-BF4B-00C04F79EFBC}") = "FilingPortal.Parts.Recon.Web", "FilingPortal.Parts.Recon.Web\FilingPortal.Parts.Recon.Web.csproj", "{9E5143F2-F821-4B7B-893F-AD391CD50AA2}"
EndProject
Project("{FAE04EC0-301F-11D3-BF4B-00C04F79EFBC}") = "FilingPortal.Parts.Recon.DataLayer.Tests", "FilingPortal.Parts.Recon.DataLayer.Tests\FilingPortal.Parts.Recon.DataLayer.Tests.csproj", "{EAA3629D-14FC-4066-9E86-3E8EBB771C71}"
EndProject
Project("{FAE04EC0-301F-11D3-BF4B-00C04F79EFBC}") = "FilingPortal.Parts.Recon.WebTests", "FilingPortal.Parts.Recon.WebTests\FilingPortal.Parts.Recon.WebTests.csproj", "{322508F6-9981-473F-A710-9C61BBAD8DE4}"
EndProject
Project("{FAE04EC0-301F-11D3-BF4B-00C04F79EFBC}") = "FilingPortal.Parts.Rail.Export.Domain.Tests", "FilingPortal.Parts.Rail.Export.Domain.Tests\FilingPortal.Parts.Rail.Export.Domain.Tests.csproj", "{426743DD-C588-427A-A423-59C4AB562E7B}"
EndProject
Project("{2150E333-8FDC-42A3-9474-1A3956D46DE8}") = "Zones", "Zones", "{4ABF3E1B-ADF0-400F-9899-D98F5874AE39}"
EndProject
Project("{2150E333-8FDC-42A3-9474-1A3956D46DE8}") = "Entry", "Entry", "{5C5905E6-1545-4C97-9BB7-F1BA2DB764B4}"
EndProject
Project("{FAE04EC0-301F-11D3-BF4B-00C04F79EFBC}") = "FilingPortal.Parts.Zones.Entry.DataLayer", "FilingPortal.Parts.Zones.Entry.DataLayer\FilingPortal.Parts.Zones.Entry.DataLayer.csproj", "{EE575F55-D7C9-45A3-9AF7-B6D6B492C3BF}"
EndProject
Project("{FAE04EC0-301F-11D3-BF4B-00C04F79EFBC}") = "FilingPortal.Parts.Zones.Entry.Domain", "FilingPortal.Parts.Zones.Entry.Domain\FilingPortal.Parts.Zones.Entry.Domain.csproj", "{CF2679F6-DF81-43E9-B2B8-F8937230B576}"
EndProject
Project("{FAE04EC0-301F-11D3-BF4B-00C04F79EFBC}") = "FilingPortal.Parts.Zones.Entry.Web", "FilingPortal.Parts.Zones.Entry.Web\FilingPortal.Parts.Zones.Entry.Web.csproj", "{8E6E1FD2-D644-482F-A2E1-10DB05812A51}"
EndProject
Project("{2150E333-8FDC-42A3-9474-1A3956D46DE8}") = "Common", "Common", "{406B29A3-A2B1-4580-BB29-64C01B90C83D}"
EndProject
Project("{FAE04EC0-301F-11D3-BF4B-00C04F79EFBC}") = "FilingPortal.Parts.Common.DataLayer", "FilingPortal.Parts.Common.DataLayer\FilingPortal.Parts.Common.DataLayer.csproj", "{04F1A1D6-5F20-4FB1-9CDF-50FD1F2EECC8}"
EndProject
Project("{FAE04EC0-301F-11D3-BF4B-00C04F79EFBC}") = "FilingPortal.Parts.Common.Domain", "FilingPortal.Parts.Common.Domain\FilingPortal.Parts.Common.Domain.csproj", "{8F6823AE-087D-4C67-ABBB-A1F26D0714BF}"
EndProject
Project("{2150E333-8FDC-42A3-9474-1A3956D46DE8}") = "CargoWise", "CargoWise", "{9EFB0C40-5E1C-495C-B5C6-18FFF0B2088F}"
EndProject
Project("{FAE04EC0-301F-11D3-BF4B-00C04F79EFBC}") = "FilingPortal.Cargowise.DataLayer", "FilingPortal.Cargowise.DataLayer\FilingPortal.Cargowise.DataLayer.csproj", "{90AFFDF9-3C95-4784-B910-2CD46A003EE0}"
EndProject
Project("{FAE04EC0-301F-11D3-BF4B-00C04F79EFBC}") = "FilingPortal.Cargowise.Domain", "FilingPortal.Cargowise.Domain\FilingPortal.Cargowise.Domain.csproj", "{0F14E876-6876-410D-B819-8D4912669376}"
EndProject
Project("{2150E333-8FDC-42A3-9474-1A3956D46DE8}") = "Ftz214", "Ftz214", "{1E5751D0-EE86-4551-BFB1-E02782568748}"
EndProject
Project("{2150E333-8FDC-42A3-9474-1A3956D46DE8}") = "Test", "Test", "{0701D79E-E2EC-4DED-85C1-1A1472246139}"
EndProject
Project("{FAE04EC0-301F-11D3-BF4B-00C04F79EFBC}") = "FilingPortal.Parts.Zones.Ftz214.DataLayer", "FilingPortal.Parts.Zones.Ftz214.DataLayer\FilingPortal.Parts.Zones.Ftz214.DataLayer.csproj", "{623ACB82-6F35-4FC3-A93A-72E4EE479AE5}"
EndProject
Project("{FAE04EC0-301F-11D3-BF4B-00C04F79EFBC}") = "FilingPortal.Parts.Zones.Ftz214.Domain", "FilingPortal.Parts.Zones.Ftz214.Domain\FilingPortal.Parts.Zones.Ftz214.Domain.csproj", "{282B56C4-E582-4381-B8F6-AA9A19275F57}"
EndProject
Project("{FAE04EC0-301F-11D3-BF4B-00C04F79EFBC}") = "FilingPortal.Parts.Zones.Ftz214.Web", "FilingPortal.Parts.Zones.Ftz214.Web\FilingPortal.Parts.Zones.Ftz214.Web.csproj", "{32D613AA-CADE-4C3E-8E89-B8FAC20807AA}"
EndProject
Global
	GlobalSection(SolutionConfigurationPlatforms) = preSolution
		Debug|Any CPU = Debug|Any CPU
		DEV|Any CPU = DEV|Any CPU
		Performance|Any CPU = Performance|Any CPU
		PROD|Any CPU = PROD|Any CPU
		Release|Any CPU = Release|Any CPU
		TST|Any CPU = TST|Any CPU
		UAT|Any CPU = UAT|Any CPU
	EndGlobalSection
	GlobalSection(ProjectConfigurationPlatforms) = postSolution
		{52249045-1FF4-45C1-86DA-FC546BE9CF43}.Debug|Any CPU.ActiveCfg = DEV|Any CPU
		{52249045-1FF4-45C1-86DA-FC546BE9CF43}.Debug|Any CPU.Build.0 = DEV|Any CPU
		{52249045-1FF4-45C1-86DA-FC546BE9CF43}.DEV|Any CPU.ActiveCfg = DEV|Any CPU
		{52249045-1FF4-45C1-86DA-FC546BE9CF43}.DEV|Any CPU.Build.0 = DEV|Any CPU
		{52249045-1FF4-45C1-86DA-FC546BE9CF43}.Performance|Any CPU.ActiveCfg = TST|Any CPU
		{52249045-1FF4-45C1-86DA-FC546BE9CF43}.Performance|Any CPU.Build.0 = TST|Any CPU
		{52249045-1FF4-45C1-86DA-FC546BE9CF43}.PROD|Any CPU.ActiveCfg = PROD|Any CPU
		{52249045-1FF4-45C1-86DA-FC546BE9CF43}.PROD|Any CPU.Build.0 = PROD|Any CPU
		{52249045-1FF4-45C1-86DA-FC546BE9CF43}.Release|Any CPU.ActiveCfg = TST|Any CPU
		{52249045-1FF4-45C1-86DA-FC546BE9CF43}.Release|Any CPU.Build.0 = TST|Any CPU
		{52249045-1FF4-45C1-86DA-FC546BE9CF43}.TST|Any CPU.ActiveCfg = TST|Any CPU
		{52249045-1FF4-45C1-86DA-FC546BE9CF43}.TST|Any CPU.Build.0 = TST|Any CPU
		{52249045-1FF4-45C1-86DA-FC546BE9CF43}.UAT|Any CPU.ActiveCfg = UAT|Any CPU
		{52249045-1FF4-45C1-86DA-FC546BE9CF43}.UAT|Any CPU.Build.0 = UAT|Any CPU
		{C3370808-2F7C-45A4-8408-97C64383EC38}.Debug|Any CPU.ActiveCfg = DEV|Any CPU
		{C3370808-2F7C-45A4-8408-97C64383EC38}.Debug|Any CPU.Build.0 = DEV|Any CPU
		{C3370808-2F7C-45A4-8408-97C64383EC38}.DEV|Any CPU.ActiveCfg = DEV|Any CPU
		{C3370808-2F7C-45A4-8408-97C64383EC38}.DEV|Any CPU.Build.0 = DEV|Any CPU
		{C3370808-2F7C-45A4-8408-97C64383EC38}.Performance|Any CPU.ActiveCfg = TST|Any CPU
		{C3370808-2F7C-45A4-8408-97C64383EC38}.Performance|Any CPU.Build.0 = TST|Any CPU
		{C3370808-2F7C-45A4-8408-97C64383EC38}.PROD|Any CPU.ActiveCfg = PROD|Any CPU
		{C3370808-2F7C-45A4-8408-97C64383EC38}.PROD|Any CPU.Build.0 = PROD|Any CPU
		{C3370808-2F7C-45A4-8408-97C64383EC38}.Release|Any CPU.ActiveCfg = TST|Any CPU
		{C3370808-2F7C-45A4-8408-97C64383EC38}.Release|Any CPU.Build.0 = TST|Any CPU
		{C3370808-2F7C-45A4-8408-97C64383EC38}.TST|Any CPU.ActiveCfg = TST|Any CPU
		{C3370808-2F7C-45A4-8408-97C64383EC38}.TST|Any CPU.Build.0 = TST|Any CPU
		{C3370808-2F7C-45A4-8408-97C64383EC38}.UAT|Any CPU.ActiveCfg = UAT|Any CPU
		{C3370808-2F7C-45A4-8408-97C64383EC38}.UAT|Any CPU.Build.0 = UAT|Any CPU
		{C5756CA9-CE4B-4910-9790-F911796D74FF}.Debug|Any CPU.ActiveCfg = DEV|Any CPU
		{C5756CA9-CE4B-4910-9790-F911796D74FF}.Debug|Any CPU.Build.0 = DEV|Any CPU
		{C5756CA9-CE4B-4910-9790-F911796D74FF}.DEV|Any CPU.ActiveCfg = DEV|Any CPU
		{C5756CA9-CE4B-4910-9790-F911796D74FF}.DEV|Any CPU.Build.0 = DEV|Any CPU
		{C5756CA9-CE4B-4910-9790-F911796D74FF}.Performance|Any CPU.ActiveCfg = TST|Any CPU
		{C5756CA9-CE4B-4910-9790-F911796D74FF}.Performance|Any CPU.Build.0 = TST|Any CPU
		{C5756CA9-CE4B-4910-9790-F911796D74FF}.PROD|Any CPU.ActiveCfg = PROD|Any CPU
		{C5756CA9-CE4B-4910-9790-F911796D74FF}.PROD|Any CPU.Build.0 = PROD|Any CPU
		{C5756CA9-CE4B-4910-9790-F911796D74FF}.Release|Any CPU.ActiveCfg = TST|Any CPU
		{C5756CA9-CE4B-4910-9790-F911796D74FF}.Release|Any CPU.Build.0 = TST|Any CPU
		{C5756CA9-CE4B-4910-9790-F911796D74FF}.TST|Any CPU.ActiveCfg = TST|Any CPU
		{C5756CA9-CE4B-4910-9790-F911796D74FF}.TST|Any CPU.Build.0 = TST|Any CPU
		{C5756CA9-CE4B-4910-9790-F911796D74FF}.UAT|Any CPU.ActiveCfg = UAT|Any CPU
		{C5756CA9-CE4B-4910-9790-F911796D74FF}.UAT|Any CPU.Build.0 = UAT|Any CPU
		{1B3C7407-3B0F-46AC-94DE-F054C896B23D}.Debug|Any CPU.ActiveCfg = DEV|Any CPU
		{1B3C7407-3B0F-46AC-94DE-F054C896B23D}.Debug|Any CPU.Build.0 = DEV|Any CPU
		{1B3C7407-3B0F-46AC-94DE-F054C896B23D}.DEV|Any CPU.ActiveCfg = DEV|Any CPU
		{1B3C7407-3B0F-46AC-94DE-F054C896B23D}.DEV|Any CPU.Build.0 = DEV|Any CPU
		{1B3C7407-3B0F-46AC-94DE-F054C896B23D}.Performance|Any CPU.ActiveCfg = TST|Any CPU
		{1B3C7407-3B0F-46AC-94DE-F054C896B23D}.Performance|Any CPU.Build.0 = TST|Any CPU
		{1B3C7407-3B0F-46AC-94DE-F054C896B23D}.PROD|Any CPU.ActiveCfg = PROD|Any CPU
		{1B3C7407-3B0F-46AC-94DE-F054C896B23D}.PROD|Any CPU.Build.0 = PROD|Any CPU
		{1B3C7407-3B0F-46AC-94DE-F054C896B23D}.Release|Any CPU.ActiveCfg = TST|Any CPU
		{1B3C7407-3B0F-46AC-94DE-F054C896B23D}.Release|Any CPU.Build.0 = TST|Any CPU
		{1B3C7407-3B0F-46AC-94DE-F054C896B23D}.TST|Any CPU.ActiveCfg = TST|Any CPU
		{1B3C7407-3B0F-46AC-94DE-F054C896B23D}.TST|Any CPU.Build.0 = TST|Any CPU
		{1B3C7407-3B0F-46AC-94DE-F054C896B23D}.UAT|Any CPU.ActiveCfg = UAT|Any CPU
		{1B3C7407-3B0F-46AC-94DE-F054C896B23D}.UAT|Any CPU.Build.0 = UAT|Any CPU
		{61C9408B-65FC-4358-B2E8-285B06893D22}.Debug|Any CPU.ActiveCfg = DEV|Any CPU
		{61C9408B-65FC-4358-B2E8-285B06893D22}.Debug|Any CPU.Build.0 = DEV|Any CPU
		{61C9408B-65FC-4358-B2E8-285B06893D22}.DEV|Any CPU.ActiveCfg = DEV|Any CPU
		{61C9408B-65FC-4358-B2E8-285B06893D22}.DEV|Any CPU.Build.0 = DEV|Any CPU
		{61C9408B-65FC-4358-B2E8-285B06893D22}.Performance|Any CPU.ActiveCfg = TST|Any CPU
		{61C9408B-65FC-4358-B2E8-285B06893D22}.Performance|Any CPU.Build.0 = TST|Any CPU
		{61C9408B-65FC-4358-B2E8-285B06893D22}.PROD|Any CPU.ActiveCfg = PROD|Any CPU
		{61C9408B-65FC-4358-B2E8-285B06893D22}.PROD|Any CPU.Build.0 = PROD|Any CPU
		{61C9408B-65FC-4358-B2E8-285B06893D22}.Release|Any CPU.ActiveCfg = TST|Any CPU
		{61C9408B-65FC-4358-B2E8-285B06893D22}.Release|Any CPU.Build.0 = TST|Any CPU
		{61C9408B-65FC-4358-B2E8-285B06893D22}.TST|Any CPU.ActiveCfg = TST|Any CPU
		{61C9408B-65FC-4358-B2E8-285B06893D22}.TST|Any CPU.Build.0 = TST|Any CPU
		{61C9408B-65FC-4358-B2E8-285B06893D22}.UAT|Any CPU.ActiveCfg = UAT|Any CPU
		{61C9408B-65FC-4358-B2E8-285B06893D22}.UAT|Any CPU.Build.0 = UAT|Any CPU
		{4D36D1AE-FB9B-47FD-A196-07872A411AF2}.Debug|Any CPU.ActiveCfg = DEV|Any CPU
		{4D36D1AE-FB9B-47FD-A196-07872A411AF2}.Debug|Any CPU.Build.0 = DEV|Any CPU
		{4D36D1AE-FB9B-47FD-A196-07872A411AF2}.DEV|Any CPU.ActiveCfg = DEV|Any CPU
		{4D36D1AE-FB9B-47FD-A196-07872A411AF2}.DEV|Any CPU.Build.0 = DEV|Any CPU
		{4D36D1AE-FB9B-47FD-A196-07872A411AF2}.Performance|Any CPU.ActiveCfg = TST|Any CPU
		{4D36D1AE-FB9B-47FD-A196-07872A411AF2}.Performance|Any CPU.Build.0 = TST|Any CPU
		{4D36D1AE-FB9B-47FD-A196-07872A411AF2}.PROD|Any CPU.ActiveCfg = PROD|Any CPU
		{4D36D1AE-FB9B-47FD-A196-07872A411AF2}.PROD|Any CPU.Build.0 = PROD|Any CPU
		{4D36D1AE-FB9B-47FD-A196-07872A411AF2}.Release|Any CPU.ActiveCfg = TST|Any CPU
		{4D36D1AE-FB9B-47FD-A196-07872A411AF2}.Release|Any CPU.Build.0 = TST|Any CPU
		{4D36D1AE-FB9B-47FD-A196-07872A411AF2}.TST|Any CPU.ActiveCfg = TST|Any CPU
		{4D36D1AE-FB9B-47FD-A196-07872A411AF2}.TST|Any CPU.Build.0 = TST|Any CPU
		{4D36D1AE-FB9B-47FD-A196-07872A411AF2}.UAT|Any CPU.ActiveCfg = UAT|Any CPU
		{4D36D1AE-FB9B-47FD-A196-07872A411AF2}.UAT|Any CPU.Build.0 = UAT|Any CPU
		{B33DC68F-2B27-46B9-9327-9129F3E0EBE6}.Debug|Any CPU.ActiveCfg = DEV|Any CPU
		{B33DC68F-2B27-46B9-9327-9129F3E0EBE6}.Debug|Any CPU.Build.0 = DEV|Any CPU
		{B33DC68F-2B27-46B9-9327-9129F3E0EBE6}.DEV|Any CPU.ActiveCfg = DEV|Any CPU
		{B33DC68F-2B27-46B9-9327-9129F3E0EBE6}.DEV|Any CPU.Build.0 = DEV|Any CPU
		{B33DC68F-2B27-46B9-9327-9129F3E0EBE6}.Performance|Any CPU.ActiveCfg = TST|Any CPU
		{B33DC68F-2B27-46B9-9327-9129F3E0EBE6}.Performance|Any CPU.Build.0 = TST|Any CPU
		{B33DC68F-2B27-46B9-9327-9129F3E0EBE6}.PROD|Any CPU.ActiveCfg = PROD|Any CPU
		{B33DC68F-2B27-46B9-9327-9129F3E0EBE6}.PROD|Any CPU.Build.0 = PROD|Any CPU
		{B33DC68F-2B27-46B9-9327-9129F3E0EBE6}.Release|Any CPU.ActiveCfg = TST|Any CPU
		{B33DC68F-2B27-46B9-9327-9129F3E0EBE6}.Release|Any CPU.Build.0 = TST|Any CPU
		{B33DC68F-2B27-46B9-9327-9129F3E0EBE6}.TST|Any CPU.ActiveCfg = TST|Any CPU
		{B33DC68F-2B27-46B9-9327-9129F3E0EBE6}.TST|Any CPU.Build.0 = TST|Any CPU
		{B33DC68F-2B27-46B9-9327-9129F3E0EBE6}.UAT|Any CPU.ActiveCfg = UAT|Any CPU
		{B33DC68F-2B27-46B9-9327-9129F3E0EBE6}.UAT|Any CPU.Build.0 = UAT|Any CPU
		{1147CA36-61B4-4C39-AB7F-7E04B680DD12}.Debug|Any CPU.ActiveCfg = DEV|Any CPU
		{1147CA36-61B4-4C39-AB7F-7E04B680DD12}.Debug|Any CPU.Build.0 = DEV|Any CPU
		{1147CA36-61B4-4C39-AB7F-7E04B680DD12}.DEV|Any CPU.ActiveCfg = DEV|Any CPU
		{1147CA36-61B4-4C39-AB7F-7E04B680DD12}.DEV|Any CPU.Build.0 = DEV|Any CPU
		{1147CA36-61B4-4C39-AB7F-7E04B680DD12}.Performance|Any CPU.ActiveCfg = TST|Any CPU
		{1147CA36-61B4-4C39-AB7F-7E04B680DD12}.Performance|Any CPU.Build.0 = TST|Any CPU
		{1147CA36-61B4-4C39-AB7F-7E04B680DD12}.PROD|Any CPU.ActiveCfg = PROD|Any CPU
		{1147CA36-61B4-4C39-AB7F-7E04B680DD12}.PROD|Any CPU.Build.0 = PROD|Any CPU
		{1147CA36-61B4-4C39-AB7F-7E04B680DD12}.Release|Any CPU.ActiveCfg = TST|Any CPU
		{1147CA36-61B4-4C39-AB7F-7E04B680DD12}.Release|Any CPU.Build.0 = TST|Any CPU
		{1147CA36-61B4-4C39-AB7F-7E04B680DD12}.TST|Any CPU.ActiveCfg = TST|Any CPU
		{1147CA36-61B4-4C39-AB7F-7E04B680DD12}.TST|Any CPU.Build.0 = TST|Any CPU
		{1147CA36-61B4-4C39-AB7F-7E04B680DD12}.UAT|Any CPU.ActiveCfg = UAT|Any CPU
		{1147CA36-61B4-4C39-AB7F-7E04B680DD12}.UAT|Any CPU.Build.0 = UAT|Any CPU
		{40E2F1E2-0F84-4436-9352-D76A6B6A2FC7}.Debug|Any CPU.ActiveCfg = DEV|Any CPU
		{40E2F1E2-0F84-4436-9352-D76A6B6A2FC7}.Debug|Any CPU.Build.0 = DEV|Any CPU
		{40E2F1E2-0F84-4436-9352-D76A6B6A2FC7}.DEV|Any CPU.ActiveCfg = DEV|Any CPU
		{40E2F1E2-0F84-4436-9352-D76A6B6A2FC7}.DEV|Any CPU.Build.0 = DEV|Any CPU
		{40E2F1E2-0F84-4436-9352-D76A6B6A2FC7}.Performance|Any CPU.ActiveCfg = TST|Any CPU
		{40E2F1E2-0F84-4436-9352-D76A6B6A2FC7}.Performance|Any CPU.Build.0 = TST|Any CPU
		{40E2F1E2-0F84-4436-9352-D76A6B6A2FC7}.PROD|Any CPU.ActiveCfg = PROD|Any CPU
		{40E2F1E2-0F84-4436-9352-D76A6B6A2FC7}.PROD|Any CPU.Build.0 = PROD|Any CPU
		{40E2F1E2-0F84-4436-9352-D76A6B6A2FC7}.Release|Any CPU.ActiveCfg = TST|Any CPU
		{40E2F1E2-0F84-4436-9352-D76A6B6A2FC7}.Release|Any CPU.Build.0 = TST|Any CPU
		{40E2F1E2-0F84-4436-9352-D76A6B6A2FC7}.TST|Any CPU.ActiveCfg = TST|Any CPU
		{40E2F1E2-0F84-4436-9352-D76A6B6A2FC7}.TST|Any CPU.Build.0 = TST|Any CPU
		{40E2F1E2-0F84-4436-9352-D76A6B6A2FC7}.UAT|Any CPU.ActiveCfg = UAT|Any CPU
		{40E2F1E2-0F84-4436-9352-D76A6B6A2FC7}.UAT|Any CPU.Build.0 = UAT|Any CPU
		{502E19B9-F26B-4A7A-89C9-E432A6E39036}.Debug|Any CPU.ActiveCfg = DEV|Any CPU
		{502E19B9-F26B-4A7A-89C9-E432A6E39036}.Debug|Any CPU.Build.0 = DEV|Any CPU
		{502E19B9-F26B-4A7A-89C9-E432A6E39036}.DEV|Any CPU.ActiveCfg = DEV|Any CPU
		{502E19B9-F26B-4A7A-89C9-E432A6E39036}.DEV|Any CPU.Build.0 = DEV|Any CPU
		{502E19B9-F26B-4A7A-89C9-E432A6E39036}.Performance|Any CPU.ActiveCfg = TST|Any CPU
		{502E19B9-F26B-4A7A-89C9-E432A6E39036}.Performance|Any CPU.Build.0 = TST|Any CPU
		{502E19B9-F26B-4A7A-89C9-E432A6E39036}.PROD|Any CPU.ActiveCfg = PROD|Any CPU
		{502E19B9-F26B-4A7A-89C9-E432A6E39036}.PROD|Any CPU.Build.0 = PROD|Any CPU
		{502E19B9-F26B-4A7A-89C9-E432A6E39036}.Release|Any CPU.ActiveCfg = TST|Any CPU
		{502E19B9-F26B-4A7A-89C9-E432A6E39036}.Release|Any CPU.Build.0 = TST|Any CPU
		{502E19B9-F26B-4A7A-89C9-E432A6E39036}.TST|Any CPU.ActiveCfg = TST|Any CPU
		{502E19B9-F26B-4A7A-89C9-E432A6E39036}.TST|Any CPU.Build.0 = TST|Any CPU
		{502E19B9-F26B-4A7A-89C9-E432A6E39036}.UAT|Any CPU.ActiveCfg = UAT|Any CPU
		{502E19B9-F26B-4A7A-89C9-E432A6E39036}.UAT|Any CPU.Build.0 = UAT|Any CPU
		{ACFA8188-4733-4142-8A02-53861B9A3E37}.Debug|Any CPU.ActiveCfg = DEV|Any CPU
		{ACFA8188-4733-4142-8A02-53861B9A3E37}.Debug|Any CPU.Build.0 = DEV|Any CPU
		{ACFA8188-4733-4142-8A02-53861B9A3E37}.DEV|Any CPU.ActiveCfg = DEV|Any CPU
		{ACFA8188-4733-4142-8A02-53861B9A3E37}.DEV|Any CPU.Build.0 = DEV|Any CPU
		{ACFA8188-4733-4142-8A02-53861B9A3E37}.Performance|Any CPU.ActiveCfg = TST|Any CPU
		{ACFA8188-4733-4142-8A02-53861B9A3E37}.Performance|Any CPU.Build.0 = TST|Any CPU
		{ACFA8188-4733-4142-8A02-53861B9A3E37}.PROD|Any CPU.ActiveCfg = PROD|Any CPU
		{ACFA8188-4733-4142-8A02-53861B9A3E37}.PROD|Any CPU.Build.0 = PROD|Any CPU
		{ACFA8188-4733-4142-8A02-53861B9A3E37}.Release|Any CPU.ActiveCfg = TST|Any CPU
		{ACFA8188-4733-4142-8A02-53861B9A3E37}.Release|Any CPU.Build.0 = TST|Any CPU
		{ACFA8188-4733-4142-8A02-53861B9A3E37}.TST|Any CPU.ActiveCfg = TST|Any CPU
		{ACFA8188-4733-4142-8A02-53861B9A3E37}.TST|Any CPU.Build.0 = TST|Any CPU
		{ACFA8188-4733-4142-8A02-53861B9A3E37}.UAT|Any CPU.ActiveCfg = UAT|Any CPU
		{ACFA8188-4733-4142-8A02-53861B9A3E37}.UAT|Any CPU.Build.0 = UAT|Any CPU
		{E50B3543-0182-4162-9828-5C2148CB9C22}.Debug|Any CPU.ActiveCfg = Debug|Any CPU
		{E50B3543-0182-4162-9828-5C2148CB9C22}.Debug|Any CPU.Build.0 = Debug|Any CPU
		{E50B3543-0182-4162-9828-5C2148CB9C22}.DEV|Any CPU.ActiveCfg = Dev_Test|Any CPU
		{E50B3543-0182-4162-9828-5C2148CB9C22}.DEV|Any CPU.Build.0 = Dev_Test|Any CPU
		{E50B3543-0182-4162-9828-5C2148CB9C22}.Performance|Any CPU.ActiveCfg = Performance|Any CPU
		{E50B3543-0182-4162-9828-5C2148CB9C22}.Performance|Any CPU.Build.0 = Performance|Any CPU
		{E50B3543-0182-4162-9828-5C2148CB9C22}.PROD|Any CPU.ActiveCfg = PROD|Any CPU
		{E50B3543-0182-4162-9828-5C2148CB9C22}.PROD|Any CPU.Build.0 = PROD|Any CPU
		{E50B3543-0182-4162-9828-5C2148CB9C22}.Release|Any CPU.ActiveCfg = Release|Any CPU
		{E50B3543-0182-4162-9828-5C2148CB9C22}.Release|Any CPU.Build.0 = Release|Any CPU
		{E50B3543-0182-4162-9828-5C2148CB9C22}.TST|Any CPU.ActiveCfg = Performance|Any CPU
		{E50B3543-0182-4162-9828-5C2148CB9C22}.TST|Any CPU.Build.0 = Performance|Any CPU
		{E50B3543-0182-4162-9828-5C2148CB9C22}.UAT|Any CPU.ActiveCfg = UAT|Any CPU
		{E50B3543-0182-4162-9828-5C2148CB9C22}.UAT|Any CPU.Build.0 = UAT|Any CPU
		{F86952F8-6A1A-4A29-8E24-8A5F72F007C3}.Debug|Any CPU.ActiveCfg = Debug|Any CPU
		{F86952F8-6A1A-4A29-8E24-8A5F72F007C3}.Debug|Any CPU.Build.0 = Debug|Any CPU
		{F86952F8-6A1A-4A29-8E24-8A5F72F007C3}.DEV|Any CPU.ActiveCfg = Debug|Any CPU
		{F86952F8-6A1A-4A29-8E24-8A5F72F007C3}.DEV|Any CPU.Build.0 = Debug|Any CPU
		{F86952F8-6A1A-4A29-8E24-8A5F72F007C3}.Performance|Any CPU.ActiveCfg = Release|Any CPU
		{F86952F8-6A1A-4A29-8E24-8A5F72F007C3}.Performance|Any CPU.Build.0 = Release|Any CPU
		{F86952F8-6A1A-4A29-8E24-8A5F72F007C3}.PROD|Any CPU.ActiveCfg = Release|Any CPU
		{F86952F8-6A1A-4A29-8E24-8A5F72F007C3}.PROD|Any CPU.Build.0 = Release|Any CPU
		{F86952F8-6A1A-4A29-8E24-8A5F72F007C3}.Release|Any CPU.ActiveCfg = Release|Any CPU
		{F86952F8-6A1A-4A29-8E24-8A5F72F007C3}.Release|Any CPU.Build.0 = Release|Any CPU
		{F86952F8-6A1A-4A29-8E24-8A5F72F007C3}.TST|Any CPU.ActiveCfg = Debug|Any CPU
		{F86952F8-6A1A-4A29-8E24-8A5F72F007C3}.TST|Any CPU.Build.0 = Debug|Any CPU
		{F86952F8-6A1A-4A29-8E24-8A5F72F007C3}.UAT|Any CPU.ActiveCfg = Release|Any CPU
		{F86952F8-6A1A-4A29-8E24-8A5F72F007C3}.UAT|Any CPU.Build.0 = Release|Any CPU
		{EC9B13D9-1887-4182-930B-E12801D8BFAD}.Debug|Any CPU.ActiveCfg = Debug|Any CPU
		{EC9B13D9-1887-4182-930B-E12801D8BFAD}.Debug|Any CPU.Build.0 = Debug|Any CPU
		{EC9B13D9-1887-4182-930B-E12801D8BFAD}.DEV|Any CPU.ActiveCfg = Debug|Any CPU
		{EC9B13D9-1887-4182-930B-E12801D8BFAD}.DEV|Any CPU.Build.0 = Debug|Any CPU
		{EC9B13D9-1887-4182-930B-E12801D8BFAD}.Performance|Any CPU.ActiveCfg = Release|Any CPU
		{EC9B13D9-1887-4182-930B-E12801D8BFAD}.Performance|Any CPU.Build.0 = Release|Any CPU
		{EC9B13D9-1887-4182-930B-E12801D8BFAD}.PROD|Any CPU.ActiveCfg = Release|Any CPU
		{EC9B13D9-1887-4182-930B-E12801D8BFAD}.PROD|Any CPU.Build.0 = Release|Any CPU
		{EC9B13D9-1887-4182-930B-E12801D8BFAD}.Release|Any CPU.ActiveCfg = Release|Any CPU
		{EC9B13D9-1887-4182-930B-E12801D8BFAD}.Release|Any CPU.Build.0 = Release|Any CPU
		{EC9B13D9-1887-4182-930B-E12801D8BFAD}.TST|Any CPU.ActiveCfg = Debug|Any CPU
		{EC9B13D9-1887-4182-930B-E12801D8BFAD}.TST|Any CPU.Build.0 = Debug|Any CPU
		{EC9B13D9-1887-4182-930B-E12801D8BFAD}.UAT|Any CPU.ActiveCfg = Release|Any CPU
		{EC9B13D9-1887-4182-930B-E12801D8BFAD}.UAT|Any CPU.Build.0 = Release|Any CPU
		{25D5C1B7-8413-497A-B388-A2C17379C0C0}.Debug|Any CPU.ActiveCfg = Debug|Any CPU
		{25D5C1B7-8413-497A-B388-A2C17379C0C0}.Debug|Any CPU.Build.0 = Debug|Any CPU
		{25D5C1B7-8413-497A-B388-A2C17379C0C0}.DEV|Any CPU.ActiveCfg = Debug|Any CPU
		{25D5C1B7-8413-497A-B388-A2C17379C0C0}.DEV|Any CPU.Build.0 = Debug|Any CPU
		{25D5C1B7-8413-497A-B388-A2C17379C0C0}.Performance|Any CPU.ActiveCfg = Release|Any CPU
		{25D5C1B7-8413-497A-B388-A2C17379C0C0}.Performance|Any CPU.Build.0 = Release|Any CPU
		{25D5C1B7-8413-497A-B388-A2C17379C0C0}.PROD|Any CPU.ActiveCfg = Release|Any CPU
		{25D5C1B7-8413-497A-B388-A2C17379C0C0}.PROD|Any CPU.Build.0 = Release|Any CPU
		{25D5C1B7-8413-497A-B388-A2C17379C0C0}.Release|Any CPU.ActiveCfg = Release|Any CPU
		{25D5C1B7-8413-497A-B388-A2C17379C0C0}.Release|Any CPU.Build.0 = Release|Any CPU
		{25D5C1B7-8413-497A-B388-A2C17379C0C0}.TST|Any CPU.ActiveCfg = Debug|Any CPU
		{25D5C1B7-8413-497A-B388-A2C17379C0C0}.TST|Any CPU.Build.0 = Debug|Any CPU
		{25D5C1B7-8413-497A-B388-A2C17379C0C0}.UAT|Any CPU.ActiveCfg = Release|Any CPU
		{25D5C1B7-8413-497A-B388-A2C17379C0C0}.UAT|Any CPU.Build.0 = Release|Any CPU
		{318252E8-27CA-479F-A4AC-76842D7E5423}.Debug|Any CPU.ActiveCfg = Debug|Any CPU
		{318252E8-27CA-479F-A4AC-76842D7E5423}.Debug|Any CPU.Build.0 = Debug|Any CPU
		{318252E8-27CA-479F-A4AC-76842D7E5423}.DEV|Any CPU.ActiveCfg = Debug|Any CPU
		{318252E8-27CA-479F-A4AC-76842D7E5423}.DEV|Any CPU.Build.0 = Debug|Any CPU
		{318252E8-27CA-479F-A4AC-76842D7E5423}.Performance|Any CPU.ActiveCfg = Release|Any CPU
		{318252E8-27CA-479F-A4AC-76842D7E5423}.Performance|Any CPU.Build.0 = Release|Any CPU
		{318252E8-27CA-479F-A4AC-76842D7E5423}.PROD|Any CPU.ActiveCfg = Release|Any CPU
		{318252E8-27CA-479F-A4AC-76842D7E5423}.PROD|Any CPU.Build.0 = Release|Any CPU
		{318252E8-27CA-479F-A4AC-76842D7E5423}.Release|Any CPU.ActiveCfg = Release|Any CPU
		{318252E8-27CA-479F-A4AC-76842D7E5423}.Release|Any CPU.Build.0 = Release|Any CPU
		{318252E8-27CA-479F-A4AC-76842D7E5423}.TST|Any CPU.ActiveCfg = Debug|Any CPU
		{318252E8-27CA-479F-A4AC-76842D7E5423}.TST|Any CPU.Build.0 = Debug|Any CPU
		{318252E8-27CA-479F-A4AC-76842D7E5423}.UAT|Any CPU.ActiveCfg = Release|Any CPU
		{318252E8-27CA-479F-A4AC-76842D7E5423}.UAT|Any CPU.Build.0 = Release|Any CPU
		{256366FD-7FFF-4303-96B9-869B3C178357}.Debug|Any CPU.ActiveCfg = Debug|Any CPU
		{256366FD-7FFF-4303-96B9-869B3C178357}.Debug|Any CPU.Build.0 = Debug|Any CPU
		{256366FD-7FFF-4303-96B9-869B3C178357}.DEV|Any CPU.ActiveCfg = Debug|Any CPU
		{256366FD-7FFF-4303-96B9-869B3C178357}.DEV|Any CPU.Build.0 = Debug|Any CPU
		{256366FD-7FFF-4303-96B9-869B3C178357}.Performance|Any CPU.ActiveCfg = Release|Any CPU
		{256366FD-7FFF-4303-96B9-869B3C178357}.Performance|Any CPU.Build.0 = Release|Any CPU
		{256366FD-7FFF-4303-96B9-869B3C178357}.PROD|Any CPU.ActiveCfg = Release|Any CPU
		{256366FD-7FFF-4303-96B9-869B3C178357}.PROD|Any CPU.Build.0 = Release|Any CPU
		{256366FD-7FFF-4303-96B9-869B3C178357}.Release|Any CPU.ActiveCfg = Release|Any CPU
		{256366FD-7FFF-4303-96B9-869B3C178357}.Release|Any CPU.Build.0 = Release|Any CPU
		{256366FD-7FFF-4303-96B9-869B3C178357}.TST|Any CPU.ActiveCfg = Debug|Any CPU
		{256366FD-7FFF-4303-96B9-869B3C178357}.TST|Any CPU.Build.0 = Debug|Any CPU
		{256366FD-7FFF-4303-96B9-869B3C178357}.UAT|Any CPU.ActiveCfg = Release|Any CPU
		{256366FD-7FFF-4303-96B9-869B3C178357}.UAT|Any CPU.Build.0 = Release|Any CPU
		{3C29955C-92E2-4956-BBEA-4978968AE8C9}.Debug|Any CPU.ActiveCfg = Debug|Any CPU
		{3C29955C-92E2-4956-BBEA-4978968AE8C9}.Debug|Any CPU.Build.0 = Debug|Any CPU
		{3C29955C-92E2-4956-BBEA-4978968AE8C9}.DEV|Any CPU.ActiveCfg = Debug|Any CPU
		{3C29955C-92E2-4956-BBEA-4978968AE8C9}.DEV|Any CPU.Build.0 = Debug|Any CPU
		{3C29955C-92E2-4956-BBEA-4978968AE8C9}.Performance|Any CPU.ActiveCfg = Release|Any CPU
		{3C29955C-92E2-4956-BBEA-4978968AE8C9}.Performance|Any CPU.Build.0 = Release|Any CPU
		{3C29955C-92E2-4956-BBEA-4978968AE8C9}.PROD|Any CPU.ActiveCfg = Release|Any CPU
		{3C29955C-92E2-4956-BBEA-4978968AE8C9}.PROD|Any CPU.Build.0 = Release|Any CPU
		{3C29955C-92E2-4956-BBEA-4978968AE8C9}.Release|Any CPU.ActiveCfg = Release|Any CPU
		{3C29955C-92E2-4956-BBEA-4978968AE8C9}.Release|Any CPU.Build.0 = Release|Any CPU
		{3C29955C-92E2-4956-BBEA-4978968AE8C9}.TST|Any CPU.ActiveCfg = Debug|Any CPU
		{3C29955C-92E2-4956-BBEA-4978968AE8C9}.TST|Any CPU.Build.0 = Debug|Any CPU
		{3C29955C-92E2-4956-BBEA-4978968AE8C9}.UAT|Any CPU.ActiveCfg = Release|Any CPU
		{3C29955C-92E2-4956-BBEA-4978968AE8C9}.UAT|Any CPU.Build.0 = Release|Any CPU
		{C5F21AAD-9F00-45B1-92FE-A73BE2291C4B}.Debug|Any CPU.ActiveCfg = Debug|Any CPU
		{C5F21AAD-9F00-45B1-92FE-A73BE2291C4B}.Debug|Any CPU.Build.0 = Debug|Any CPU
		{C5F21AAD-9F00-45B1-92FE-A73BE2291C4B}.DEV|Any CPU.ActiveCfg = Debug|Any CPU
		{C5F21AAD-9F00-45B1-92FE-A73BE2291C4B}.DEV|Any CPU.Build.0 = Debug|Any CPU
		{C5F21AAD-9F00-45B1-92FE-A73BE2291C4B}.Performance|Any CPU.ActiveCfg = Release|Any CPU
		{C5F21AAD-9F00-45B1-92FE-A73BE2291C4B}.Performance|Any CPU.Build.0 = Release|Any CPU
		{C5F21AAD-9F00-45B1-92FE-A73BE2291C4B}.PROD|Any CPU.ActiveCfg = Release|Any CPU
		{C5F21AAD-9F00-45B1-92FE-A73BE2291C4B}.PROD|Any CPU.Build.0 = Release|Any CPU
		{C5F21AAD-9F00-45B1-92FE-A73BE2291C4B}.Release|Any CPU.ActiveCfg = Release|Any CPU
		{C5F21AAD-9F00-45B1-92FE-A73BE2291C4B}.Release|Any CPU.Build.0 = Release|Any CPU
		{C5F21AAD-9F00-45B1-92FE-A73BE2291C4B}.TST|Any CPU.ActiveCfg = Debug|Any CPU
		{C5F21AAD-9F00-45B1-92FE-A73BE2291C4B}.TST|Any CPU.Build.0 = Debug|Any CPU
		{C5F21AAD-9F00-45B1-92FE-A73BE2291C4B}.UAT|Any CPU.ActiveCfg = Release|Any CPU
		{C5F21AAD-9F00-45B1-92FE-A73BE2291C4B}.UAT|Any CPU.Build.0 = Release|Any CPU
		{F487D26E-3167-47E5-B5E6-15B26ECCE1CF}.Debug|Any CPU.ActiveCfg = Debug|Any CPU
		{F487D26E-3167-47E5-B5E6-15B26ECCE1CF}.Debug|Any CPU.Build.0 = Debug|Any CPU
		{F487D26E-3167-47E5-B5E6-15B26ECCE1CF}.DEV|Any CPU.ActiveCfg = Debug|Any CPU
		{F487D26E-3167-47E5-B5E6-15B26ECCE1CF}.DEV|Any CPU.Build.0 = Debug|Any CPU
		{F487D26E-3167-47E5-B5E6-15B26ECCE1CF}.Performance|Any CPU.ActiveCfg = Release|Any CPU
		{F487D26E-3167-47E5-B5E6-15B26ECCE1CF}.Performance|Any CPU.Build.0 = Release|Any CPU
		{F487D26E-3167-47E5-B5E6-15B26ECCE1CF}.PROD|Any CPU.ActiveCfg = Release|Any CPU
		{F487D26E-3167-47E5-B5E6-15B26ECCE1CF}.PROD|Any CPU.Build.0 = Release|Any CPU
		{F487D26E-3167-47E5-B5E6-15B26ECCE1CF}.Release|Any CPU.ActiveCfg = Release|Any CPU
		{F487D26E-3167-47E5-B5E6-15B26ECCE1CF}.Release|Any CPU.Build.0 = Release|Any CPU
		{F487D26E-3167-47E5-B5E6-15B26ECCE1CF}.TST|Any CPU.ActiveCfg = Debug|Any CPU
		{F487D26E-3167-47E5-B5E6-15B26ECCE1CF}.TST|Any CPU.Build.0 = Debug|Any CPU
		{F487D26E-3167-47E5-B5E6-15B26ECCE1CF}.UAT|Any CPU.ActiveCfg = Release|Any CPU
		{F487D26E-3167-47E5-B5E6-15B26ECCE1CF}.UAT|Any CPU.Build.0 = Release|Any CPU
		{AE90492D-B2EB-43BF-91BE-D451C2BC6675}.Debug|Any CPU.ActiveCfg = Debug|Any CPU
		{AE90492D-B2EB-43BF-91BE-D451C2BC6675}.Debug|Any CPU.Build.0 = Debug|Any CPU
		{AE90492D-B2EB-43BF-91BE-D451C2BC6675}.DEV|Any CPU.ActiveCfg = Debug|Any CPU
		{AE90492D-B2EB-43BF-91BE-D451C2BC6675}.DEV|Any CPU.Build.0 = Debug|Any CPU
		{AE90492D-B2EB-43BF-91BE-D451C2BC6675}.Performance|Any CPU.ActiveCfg = Release|Any CPU
		{AE90492D-B2EB-43BF-91BE-D451C2BC6675}.Performance|Any CPU.Build.0 = Release|Any CPU
		{AE90492D-B2EB-43BF-91BE-D451C2BC6675}.PROD|Any CPU.ActiveCfg = Release|Any CPU
		{AE90492D-B2EB-43BF-91BE-D451C2BC6675}.PROD|Any CPU.Build.0 = Release|Any CPU
		{AE90492D-B2EB-43BF-91BE-D451C2BC6675}.Release|Any CPU.ActiveCfg = Release|Any CPU
		{AE90492D-B2EB-43BF-91BE-D451C2BC6675}.Release|Any CPU.Build.0 = Release|Any CPU
		{AE90492D-B2EB-43BF-91BE-D451C2BC6675}.TST|Any CPU.ActiveCfg = Debug|Any CPU
		{AE90492D-B2EB-43BF-91BE-D451C2BC6675}.TST|Any CPU.Build.0 = Debug|Any CPU
		{AE90492D-B2EB-43BF-91BE-D451C2BC6675}.UAT|Any CPU.ActiveCfg = Release|Any CPU
		{AE90492D-B2EB-43BF-91BE-D451C2BC6675}.UAT|Any CPU.Build.0 = Release|Any CPU
		{A79AADE8-885B-40BF-B0D8-BA6D3905C32F}.Debug|Any CPU.ActiveCfg = Debug|Any CPU
		{A79AADE8-885B-40BF-B0D8-BA6D3905C32F}.Debug|Any CPU.Build.0 = Debug|Any CPU
		{A79AADE8-885B-40BF-B0D8-BA6D3905C32F}.DEV|Any CPU.ActiveCfg = Debug|Any CPU
		{A79AADE8-885B-40BF-B0D8-BA6D3905C32F}.DEV|Any CPU.Build.0 = Debug|Any CPU
		{A79AADE8-885B-40BF-B0D8-BA6D3905C32F}.Performance|Any CPU.ActiveCfg = Release|Any CPU
		{A79AADE8-885B-40BF-B0D8-BA6D3905C32F}.Performance|Any CPU.Build.0 = Release|Any CPU
		{A79AADE8-885B-40BF-B0D8-BA6D3905C32F}.PROD|Any CPU.ActiveCfg = Release|Any CPU
		{A79AADE8-885B-40BF-B0D8-BA6D3905C32F}.PROD|Any CPU.Build.0 = Release|Any CPU
		{A79AADE8-885B-40BF-B0D8-BA6D3905C32F}.Release|Any CPU.ActiveCfg = Release|Any CPU
		{A79AADE8-885B-40BF-B0D8-BA6D3905C32F}.Release|Any CPU.Build.0 = Release|Any CPU
		{A79AADE8-885B-40BF-B0D8-BA6D3905C32F}.TST|Any CPU.ActiveCfg = Debug|Any CPU
		{A79AADE8-885B-40BF-B0D8-BA6D3905C32F}.TST|Any CPU.Build.0 = Debug|Any CPU
		{A79AADE8-885B-40BF-B0D8-BA6D3905C32F}.UAT|Any CPU.ActiveCfg = Release|Any CPU
		{A79AADE8-885B-40BF-B0D8-BA6D3905C32F}.UAT|Any CPU.Build.0 = Release|Any CPU
		{719A8CB7-56CD-4017-A115-02F41BD5B7F2}.Debug|Any CPU.ActiveCfg = Debug|Any CPU
		{719A8CB7-56CD-4017-A115-02F41BD5B7F2}.Debug|Any CPU.Build.0 = Debug|Any CPU
		{719A8CB7-56CD-4017-A115-02F41BD5B7F2}.DEV|Any CPU.ActiveCfg = Debug|Any CPU
		{719A8CB7-56CD-4017-A115-02F41BD5B7F2}.DEV|Any CPU.Build.0 = Debug|Any CPU
		{719A8CB7-56CD-4017-A115-02F41BD5B7F2}.Performance|Any CPU.ActiveCfg = Release|Any CPU
		{719A8CB7-56CD-4017-A115-02F41BD5B7F2}.Performance|Any CPU.Build.0 = Release|Any CPU
		{719A8CB7-56CD-4017-A115-02F41BD5B7F2}.PROD|Any CPU.ActiveCfg = Release|Any CPU
		{719A8CB7-56CD-4017-A115-02F41BD5B7F2}.PROD|Any CPU.Build.0 = Release|Any CPU
		{719A8CB7-56CD-4017-A115-02F41BD5B7F2}.Release|Any CPU.ActiveCfg = Release|Any CPU
		{719A8CB7-56CD-4017-A115-02F41BD5B7F2}.Release|Any CPU.Build.0 = Release|Any CPU
		{719A8CB7-56CD-4017-A115-02F41BD5B7F2}.TST|Any CPU.ActiveCfg = Debug|Any CPU
		{719A8CB7-56CD-4017-A115-02F41BD5B7F2}.TST|Any CPU.Build.0 = Debug|Any CPU
		{719A8CB7-56CD-4017-A115-02F41BD5B7F2}.UAT|Any CPU.ActiveCfg = Release|Any CPU
		{719A8CB7-56CD-4017-A115-02F41BD5B7F2}.UAT|Any CPU.Build.0 = Release|Any CPU
		{5D508DF9-C291-41FC-BDA6-3858DCDD2162}.Debug|Any CPU.ActiveCfg = Debug|Any CPU
		{5D508DF9-C291-41FC-BDA6-3858DCDD2162}.Debug|Any CPU.Build.0 = Debug|Any CPU
		{5D508DF9-C291-41FC-BDA6-3858DCDD2162}.DEV|Any CPU.ActiveCfg = Debug|Any CPU
		{5D508DF9-C291-41FC-BDA6-3858DCDD2162}.DEV|Any CPU.Build.0 = Debug|Any CPU
		{5D508DF9-C291-41FC-BDA6-3858DCDD2162}.Performance|Any CPU.ActiveCfg = Release|Any CPU
		{5D508DF9-C291-41FC-BDA6-3858DCDD2162}.Performance|Any CPU.Build.0 = Release|Any CPU
		{5D508DF9-C291-41FC-BDA6-3858DCDD2162}.PROD|Any CPU.ActiveCfg = Release|Any CPU
		{5D508DF9-C291-41FC-BDA6-3858DCDD2162}.PROD|Any CPU.Build.0 = Release|Any CPU
		{5D508DF9-C291-41FC-BDA6-3858DCDD2162}.Release|Any CPU.ActiveCfg = Release|Any CPU
		{5D508DF9-C291-41FC-BDA6-3858DCDD2162}.Release|Any CPU.Build.0 = Release|Any CPU
		{5D508DF9-C291-41FC-BDA6-3858DCDD2162}.TST|Any CPU.ActiveCfg = Debug|Any CPU
		{5D508DF9-C291-41FC-BDA6-3858DCDD2162}.TST|Any CPU.Build.0 = Debug|Any CPU
		{5D508DF9-C291-41FC-BDA6-3858DCDD2162}.UAT|Any CPU.ActiveCfg = Release|Any CPU
		{5D508DF9-C291-41FC-BDA6-3858DCDD2162}.UAT|Any CPU.Build.0 = Release|Any CPU
		{1A682324-C83C-418E-A4C3-450EC7F14EBA}.Debug|Any CPU.ActiveCfg = Debug|Any CPU
		{1A682324-C83C-418E-A4C3-450EC7F14EBA}.Debug|Any CPU.Build.0 = Debug|Any CPU
		{1A682324-C83C-418E-A4C3-450EC7F14EBA}.DEV|Any CPU.ActiveCfg = Debug|Any CPU
		{1A682324-C83C-418E-A4C3-450EC7F14EBA}.DEV|Any CPU.Build.0 = Debug|Any CPU
		{1A682324-C83C-418E-A4C3-450EC7F14EBA}.Performance|Any CPU.ActiveCfg = Release|Any CPU
		{1A682324-C83C-418E-A4C3-450EC7F14EBA}.Performance|Any CPU.Build.0 = Release|Any CPU
		{1A682324-C83C-418E-A4C3-450EC7F14EBA}.PROD|Any CPU.ActiveCfg = Release|Any CPU
		{1A682324-C83C-418E-A4C3-450EC7F14EBA}.PROD|Any CPU.Build.0 = Release|Any CPU
		{1A682324-C83C-418E-A4C3-450EC7F14EBA}.Release|Any CPU.ActiveCfg = Release|Any CPU
		{1A682324-C83C-418E-A4C3-450EC7F14EBA}.Release|Any CPU.Build.0 = Release|Any CPU
		{1A682324-C83C-418E-A4C3-450EC7F14EBA}.TST|Any CPU.ActiveCfg = Debug|Any CPU
		{1A682324-C83C-418E-A4C3-450EC7F14EBA}.TST|Any CPU.Build.0 = Debug|Any CPU
		{1A682324-C83C-418E-A4C3-450EC7F14EBA}.UAT|Any CPU.ActiveCfg = Release|Any CPU
		{1A682324-C83C-418E-A4C3-450EC7F14EBA}.UAT|Any CPU.Build.0 = Release|Any CPU
		{2F5C926F-5658-4E6C-93FF-59A587D76242}.Debug|Any CPU.ActiveCfg = Debug|Any CPU
		{2F5C926F-5658-4E6C-93FF-59A587D76242}.Debug|Any CPU.Build.0 = Debug|Any CPU
		{2F5C926F-5658-4E6C-93FF-59A587D76242}.DEV|Any CPU.ActiveCfg = Debug|Any CPU
		{2F5C926F-5658-4E6C-93FF-59A587D76242}.DEV|Any CPU.Build.0 = Debug|Any CPU
		{2F5C926F-5658-4E6C-93FF-59A587D76242}.Performance|Any CPU.ActiveCfg = Release|Any CPU
		{2F5C926F-5658-4E6C-93FF-59A587D76242}.Performance|Any CPU.Build.0 = Release|Any CPU
		{2F5C926F-5658-4E6C-93FF-59A587D76242}.PROD|Any CPU.ActiveCfg = Release|Any CPU
		{2F5C926F-5658-4E6C-93FF-59A587D76242}.PROD|Any CPU.Build.0 = Release|Any CPU
		{2F5C926F-5658-4E6C-93FF-59A587D76242}.Release|Any CPU.ActiveCfg = Release|Any CPU
		{2F5C926F-5658-4E6C-93FF-59A587D76242}.Release|Any CPU.Build.0 = Release|Any CPU
		{2F5C926F-5658-4E6C-93FF-59A587D76242}.TST|Any CPU.ActiveCfg = Debug|Any CPU
		{2F5C926F-5658-4E6C-93FF-59A587D76242}.TST|Any CPU.Build.0 = Debug|Any CPU
		{2F5C926F-5658-4E6C-93FF-59A587D76242}.UAT|Any CPU.ActiveCfg = Release|Any CPU
		{2F5C926F-5658-4E6C-93FF-59A587D76242}.UAT|Any CPU.Build.0 = Release|Any CPU
		{9EB3D45C-7BEF-4715-826C-0240697894E7}.Debug|Any CPU.ActiveCfg = Debug|Any CPU
		{9EB3D45C-7BEF-4715-826C-0240697894E7}.Debug|Any CPU.Build.0 = Debug|Any CPU
		{9EB3D45C-7BEF-4715-826C-0240697894E7}.DEV|Any CPU.ActiveCfg = Debug|Any CPU
		{9EB3D45C-7BEF-4715-826C-0240697894E7}.DEV|Any CPU.Build.0 = Debug|Any CPU
		{9EB3D45C-7BEF-4715-826C-0240697894E7}.Performance|Any CPU.ActiveCfg = Release|Any CPU
		{9EB3D45C-7BEF-4715-826C-0240697894E7}.Performance|Any CPU.Build.0 = Release|Any CPU
		{9EB3D45C-7BEF-4715-826C-0240697894E7}.PROD|Any CPU.ActiveCfg = Release|Any CPU
		{9EB3D45C-7BEF-4715-826C-0240697894E7}.PROD|Any CPU.Build.0 = Release|Any CPU
		{9EB3D45C-7BEF-4715-826C-0240697894E7}.Release|Any CPU.ActiveCfg = Release|Any CPU
		{9EB3D45C-7BEF-4715-826C-0240697894E7}.Release|Any CPU.Build.0 = Release|Any CPU
		{9EB3D45C-7BEF-4715-826C-0240697894E7}.TST|Any CPU.ActiveCfg = Debug|Any CPU
		{9EB3D45C-7BEF-4715-826C-0240697894E7}.TST|Any CPU.Build.0 = Debug|Any CPU
		{9EB3D45C-7BEF-4715-826C-0240697894E7}.UAT|Any CPU.ActiveCfg = Release|Any CPU
		{9EB3D45C-7BEF-4715-826C-0240697894E7}.UAT|Any CPU.Build.0 = Release|Any CPU
		{55489318-362E-48CD-8146-88D750912CDA}.Debug|Any CPU.ActiveCfg = Debug|Any CPU
		{55489318-362E-48CD-8146-88D750912CDA}.Debug|Any CPU.Build.0 = Debug|Any CPU
		{55489318-362E-48CD-8146-88D750912CDA}.DEV|Any CPU.ActiveCfg = Debug|Any CPU
		{55489318-362E-48CD-8146-88D750912CDA}.DEV|Any CPU.Build.0 = Debug|Any CPU
		{55489318-362E-48CD-8146-88D750912CDA}.Performance|Any CPU.ActiveCfg = Release|Any CPU
		{55489318-362E-48CD-8146-88D750912CDA}.Performance|Any CPU.Build.0 = Release|Any CPU
		{55489318-362E-48CD-8146-88D750912CDA}.PROD|Any CPU.ActiveCfg = Release|Any CPU
		{55489318-362E-48CD-8146-88D750912CDA}.PROD|Any CPU.Build.0 = Release|Any CPU
		{55489318-362E-48CD-8146-88D750912CDA}.Release|Any CPU.ActiveCfg = Release|Any CPU
		{55489318-362E-48CD-8146-88D750912CDA}.Release|Any CPU.Build.0 = Release|Any CPU
		{55489318-362E-48CD-8146-88D750912CDA}.TST|Any CPU.ActiveCfg = Debug|Any CPU
		{55489318-362E-48CD-8146-88D750912CDA}.TST|Any CPU.Build.0 = Debug|Any CPU
		{55489318-362E-48CD-8146-88D750912CDA}.UAT|Any CPU.ActiveCfg = Release|Any CPU
		{55489318-362E-48CD-8146-88D750912CDA}.UAT|Any CPU.Build.0 = Release|Any CPU
		{1F88AC5D-DBC1-40B6-BAD2-26F6407D1806}.Debug|Any CPU.ActiveCfg = Debug|Any CPU
		{1F88AC5D-DBC1-40B6-BAD2-26F6407D1806}.Debug|Any CPU.Build.0 = Debug|Any CPU
		{1F88AC5D-DBC1-40B6-BAD2-26F6407D1806}.DEV|Any CPU.ActiveCfg = Debug|Any CPU
		{1F88AC5D-DBC1-40B6-BAD2-26F6407D1806}.DEV|Any CPU.Build.0 = Debug|Any CPU
		{1F88AC5D-DBC1-40B6-BAD2-26F6407D1806}.Performance|Any CPU.ActiveCfg = Release|Any CPU
		{1F88AC5D-DBC1-40B6-BAD2-26F6407D1806}.Performance|Any CPU.Build.0 = Release|Any CPU
		{1F88AC5D-DBC1-40B6-BAD2-26F6407D1806}.PROD|Any CPU.ActiveCfg = Release|Any CPU
		{1F88AC5D-DBC1-40B6-BAD2-26F6407D1806}.PROD|Any CPU.Build.0 = Release|Any CPU
		{1F88AC5D-DBC1-40B6-BAD2-26F6407D1806}.Release|Any CPU.ActiveCfg = Release|Any CPU
		{1F88AC5D-DBC1-40B6-BAD2-26F6407D1806}.Release|Any CPU.Build.0 = Release|Any CPU
		{1F88AC5D-DBC1-40B6-BAD2-26F6407D1806}.TST|Any CPU.ActiveCfg = Debug|Any CPU
		{1F88AC5D-DBC1-40B6-BAD2-26F6407D1806}.TST|Any CPU.Build.0 = Debug|Any CPU
		{1F88AC5D-DBC1-40B6-BAD2-26F6407D1806}.UAT|Any CPU.ActiveCfg = Release|Any CPU
		{1F88AC5D-DBC1-40B6-BAD2-26F6407D1806}.UAT|Any CPU.Build.0 = Release|Any CPU
		{1397C1FC-A575-4271-942E-433A98C8D1A8}.Debug|Any CPU.ActiveCfg = Debug|Any CPU
		{1397C1FC-A575-4271-942E-433A98C8D1A8}.Debug|Any CPU.Build.0 = Debug|Any CPU
		{1397C1FC-A575-4271-942E-433A98C8D1A8}.DEV|Any CPU.ActiveCfg = Debug|Any CPU
		{1397C1FC-A575-4271-942E-433A98C8D1A8}.DEV|Any CPU.Build.0 = Debug|Any CPU
		{1397C1FC-A575-4271-942E-433A98C8D1A8}.Performance|Any CPU.ActiveCfg = Release|Any CPU
		{1397C1FC-A575-4271-942E-433A98C8D1A8}.Performance|Any CPU.Build.0 = Release|Any CPU
		{1397C1FC-A575-4271-942E-433A98C8D1A8}.PROD|Any CPU.ActiveCfg = Release|Any CPU
		{1397C1FC-A575-4271-942E-433A98C8D1A8}.PROD|Any CPU.Build.0 = Release|Any CPU
		{1397C1FC-A575-4271-942E-433A98C8D1A8}.Release|Any CPU.ActiveCfg = Release|Any CPU
		{1397C1FC-A575-4271-942E-433A98C8D1A8}.Release|Any CPU.Build.0 = Release|Any CPU
		{1397C1FC-A575-4271-942E-433A98C8D1A8}.TST|Any CPU.ActiveCfg = Release|Any CPU
		{1397C1FC-A575-4271-942E-433A98C8D1A8}.TST|Any CPU.Build.0 = Release|Any CPU
		{1397C1FC-A575-4271-942E-433A98C8D1A8}.UAT|Any CPU.ActiveCfg = Release|Any CPU
		{1397C1FC-A575-4271-942E-433A98C8D1A8}.UAT|Any CPU.Build.0 = Release|Any CPU
		{02EE1FEF-C69D-4741-8F00-F0A078C6E7B6}.Debug|Any CPU.ActiveCfg = Debug|Any CPU
		{02EE1FEF-C69D-4741-8F00-F0A078C6E7B6}.Debug|Any CPU.Build.0 = Debug|Any CPU
		{02EE1FEF-C69D-4741-8F00-F0A078C6E7B6}.DEV|Any CPU.ActiveCfg = Debug|Any CPU
		{02EE1FEF-C69D-4741-8F00-F0A078C6E7B6}.DEV|Any CPU.Build.0 = Debug|Any CPU
		{02EE1FEF-C69D-4741-8F00-F0A078C6E7B6}.Performance|Any CPU.ActiveCfg = Release|Any CPU
		{02EE1FEF-C69D-4741-8F00-F0A078C6E7B6}.Performance|Any CPU.Build.0 = Release|Any CPU
		{02EE1FEF-C69D-4741-8F00-F0A078C6E7B6}.PROD|Any CPU.ActiveCfg = Release|Any CPU
		{02EE1FEF-C69D-4741-8F00-F0A078C6E7B6}.PROD|Any CPU.Build.0 = Release|Any CPU
		{02EE1FEF-C69D-4741-8F00-F0A078C6E7B6}.Release|Any CPU.ActiveCfg = Release|Any CPU
		{02EE1FEF-C69D-4741-8F00-F0A078C6E7B6}.Release|Any CPU.Build.0 = Release|Any CPU
		{02EE1FEF-C69D-4741-8F00-F0A078C6E7B6}.TST|Any CPU.ActiveCfg = Release|Any CPU
		{02EE1FEF-C69D-4741-8F00-F0A078C6E7B6}.TST|Any CPU.Build.0 = Release|Any CPU
		{02EE1FEF-C69D-4741-8F00-F0A078C6E7B6}.UAT|Any CPU.ActiveCfg = Release|Any CPU
		{02EE1FEF-C69D-4741-8F00-F0A078C6E7B6}.UAT|Any CPU.Build.0 = Release|Any CPU
		{4695BF8A-B33B-4C14-8C48-179D535DD578}.Debug|Any CPU.ActiveCfg = Debug|Any CPU
		{4695BF8A-B33B-4C14-8C48-179D535DD578}.Debug|Any CPU.Build.0 = Debug|Any CPU
		{4695BF8A-B33B-4C14-8C48-179D535DD578}.DEV|Any CPU.ActiveCfg = Debug|Any CPU
		{4695BF8A-B33B-4C14-8C48-179D535DD578}.DEV|Any CPU.Build.0 = Debug|Any CPU
		{4695BF8A-B33B-4C14-8C48-179D535DD578}.Performance|Any CPU.ActiveCfg = Release|Any CPU
		{4695BF8A-B33B-4C14-8C48-179D535DD578}.Performance|Any CPU.Build.0 = Release|Any CPU
		{4695BF8A-B33B-4C14-8C48-179D535DD578}.PROD|Any CPU.ActiveCfg = Release|Any CPU
		{4695BF8A-B33B-4C14-8C48-179D535DD578}.PROD|Any CPU.Build.0 = Release|Any CPU
		{4695BF8A-B33B-4C14-8C48-179D535DD578}.Release|Any CPU.ActiveCfg = Release|Any CPU
		{4695BF8A-B33B-4C14-8C48-179D535DD578}.Release|Any CPU.Build.0 = Release|Any CPU
		{4695BF8A-B33B-4C14-8C48-179D535DD578}.TST|Any CPU.ActiveCfg = Release|Any CPU
		{4695BF8A-B33B-4C14-8C48-179D535DD578}.TST|Any CPU.Build.0 = Release|Any CPU
		{4695BF8A-B33B-4C14-8C48-179D535DD578}.UAT|Any CPU.ActiveCfg = Release|Any CPU
		{4695BF8A-B33B-4C14-8C48-179D535DD578}.UAT|Any CPU.Build.0 = Release|Any CPU
		{CF1A9ECA-4F1A-4ADC-9D5A-33E153AD28C9}.Debug|Any CPU.ActiveCfg = Debug|Any CPU
		{CF1A9ECA-4F1A-4ADC-9D5A-33E153AD28C9}.Debug|Any CPU.Build.0 = Debug|Any CPU
		{CF1A9ECA-4F1A-4ADC-9D5A-33E153AD28C9}.DEV|Any CPU.ActiveCfg = Debug|Any CPU
		{CF1A9ECA-4F1A-4ADC-9D5A-33E153AD28C9}.DEV|Any CPU.Build.0 = Debug|Any CPU
		{CF1A9ECA-4F1A-4ADC-9D5A-33E153AD28C9}.Performance|Any CPU.ActiveCfg = Release|Any CPU
		{CF1A9ECA-4F1A-4ADC-9D5A-33E153AD28C9}.Performance|Any CPU.Build.0 = Release|Any CPU
		{CF1A9ECA-4F1A-4ADC-9D5A-33E153AD28C9}.PROD|Any CPU.ActiveCfg = Release|Any CPU
		{CF1A9ECA-4F1A-4ADC-9D5A-33E153AD28C9}.PROD|Any CPU.Build.0 = Release|Any CPU
		{CF1A9ECA-4F1A-4ADC-9D5A-33E153AD28C9}.Release|Any CPU.ActiveCfg = Release|Any CPU
		{CF1A9ECA-4F1A-4ADC-9D5A-33E153AD28C9}.Release|Any CPU.Build.0 = Release|Any CPU
		{CF1A9ECA-4F1A-4ADC-9D5A-33E153AD28C9}.TST|Any CPU.ActiveCfg = Release|Any CPU
		{CF1A9ECA-4F1A-4ADC-9D5A-33E153AD28C9}.TST|Any CPU.Build.0 = Release|Any CPU
		{CF1A9ECA-4F1A-4ADC-9D5A-33E153AD28C9}.UAT|Any CPU.ActiveCfg = Release|Any CPU
		{CF1A9ECA-4F1A-4ADC-9D5A-33E153AD28C9}.UAT|Any CPU.Build.0 = Release|Any CPU
		{CA72FE1E-B3A8-45A7-AD48-9CDD1CDB633E}.Debug|Any CPU.ActiveCfg = Debug|Any CPU
		{CA72FE1E-B3A8-45A7-AD48-9CDD1CDB633E}.Debug|Any CPU.Build.0 = Debug|Any CPU
		{CA72FE1E-B3A8-45A7-AD48-9CDD1CDB633E}.DEV|Any CPU.ActiveCfg = Debug|Any CPU
		{CA72FE1E-B3A8-45A7-AD48-9CDD1CDB633E}.DEV|Any CPU.Build.0 = Debug|Any CPU
		{CA72FE1E-B3A8-45A7-AD48-9CDD1CDB633E}.Performance|Any CPU.ActiveCfg = Release|Any CPU
		{CA72FE1E-B3A8-45A7-AD48-9CDD1CDB633E}.Performance|Any CPU.Build.0 = Release|Any CPU
		{CA72FE1E-B3A8-45A7-AD48-9CDD1CDB633E}.PROD|Any CPU.ActiveCfg = Release|Any CPU
		{CA72FE1E-B3A8-45A7-AD48-9CDD1CDB633E}.PROD|Any CPU.Build.0 = Release|Any CPU
		{CA72FE1E-B3A8-45A7-AD48-9CDD1CDB633E}.Release|Any CPU.ActiveCfg = Release|Any CPU
		{CA72FE1E-B3A8-45A7-AD48-9CDD1CDB633E}.Release|Any CPU.Build.0 = Release|Any CPU
		{CA72FE1E-B3A8-45A7-AD48-9CDD1CDB633E}.TST|Any CPU.ActiveCfg = Release|Any CPU
		{CA72FE1E-B3A8-45A7-AD48-9CDD1CDB633E}.TST|Any CPU.Build.0 = Release|Any CPU
		{CA72FE1E-B3A8-45A7-AD48-9CDD1CDB633E}.UAT|Any CPU.ActiveCfg = Release|Any CPU
		{CA72FE1E-B3A8-45A7-AD48-9CDD1CDB633E}.UAT|Any CPU.Build.0 = Release|Any CPU
		{1DC79147-342B-4057-9D8B-E88D4750D286}.Debug|Any CPU.ActiveCfg = Debug|Any CPU
		{1DC79147-342B-4057-9D8B-E88D4750D286}.Debug|Any CPU.Build.0 = Debug|Any CPU
		{1DC79147-342B-4057-9D8B-E88D4750D286}.DEV|Any CPU.ActiveCfg = Debug|Any CPU
		{1DC79147-342B-4057-9D8B-E88D4750D286}.DEV|Any CPU.Build.0 = Debug|Any CPU
		{1DC79147-342B-4057-9D8B-E88D4750D286}.Performance|Any CPU.ActiveCfg = Release|Any CPU
		{1DC79147-342B-4057-9D8B-E88D4750D286}.Performance|Any CPU.Build.0 = Release|Any CPU
		{1DC79147-342B-4057-9D8B-E88D4750D286}.PROD|Any CPU.ActiveCfg = Release|Any CPU
		{1DC79147-342B-4057-9D8B-E88D4750D286}.PROD|Any CPU.Build.0 = Release|Any CPU
		{1DC79147-342B-4057-9D8B-E88D4750D286}.Release|Any CPU.ActiveCfg = Release|Any CPU
		{1DC79147-342B-4057-9D8B-E88D4750D286}.Release|Any CPU.Build.0 = Release|Any CPU
		{1DC79147-342B-4057-9D8B-E88D4750D286}.TST|Any CPU.ActiveCfg = Release|Any CPU
		{1DC79147-342B-4057-9D8B-E88D4750D286}.TST|Any CPU.Build.0 = Release|Any CPU
		{1DC79147-342B-4057-9D8B-E88D4750D286}.UAT|Any CPU.ActiveCfg = Release|Any CPU
		{1DC79147-342B-4057-9D8B-E88D4750D286}.UAT|Any CPU.Build.0 = Release|Any CPU
		{F57F9848-AC43-4F25-B6FA-77765508F7D1}.Debug|Any CPU.ActiveCfg = Debug|Any CPU
		{F57F9848-AC43-4F25-B6FA-77765508F7D1}.Debug|Any CPU.Build.0 = Debug|Any CPU
		{F57F9848-AC43-4F25-B6FA-77765508F7D1}.DEV|Any CPU.ActiveCfg = Debug|Any CPU
		{F57F9848-AC43-4F25-B6FA-77765508F7D1}.DEV|Any CPU.Build.0 = Debug|Any CPU
		{F57F9848-AC43-4F25-B6FA-77765508F7D1}.Performance|Any CPU.ActiveCfg = Release|Any CPU
		{F57F9848-AC43-4F25-B6FA-77765508F7D1}.Performance|Any CPU.Build.0 = Release|Any CPU
		{F57F9848-AC43-4F25-B6FA-77765508F7D1}.PROD|Any CPU.ActiveCfg = Release|Any CPU
		{F57F9848-AC43-4F25-B6FA-77765508F7D1}.PROD|Any CPU.Build.0 = Release|Any CPU
		{F57F9848-AC43-4F25-B6FA-77765508F7D1}.Release|Any CPU.ActiveCfg = Release|Any CPU
		{F57F9848-AC43-4F25-B6FA-77765508F7D1}.Release|Any CPU.Build.0 = Release|Any CPU
		{F57F9848-AC43-4F25-B6FA-77765508F7D1}.TST|Any CPU.ActiveCfg = Release|Any CPU
		{F57F9848-AC43-4F25-B6FA-77765508F7D1}.TST|Any CPU.Build.0 = Release|Any CPU
		{F57F9848-AC43-4F25-B6FA-77765508F7D1}.UAT|Any CPU.ActiveCfg = Release|Any CPU
		{F57F9848-AC43-4F25-B6FA-77765508F7D1}.UAT|Any CPU.Build.0 = Release|Any CPU
		{9E5143F2-F821-4B7B-893F-AD391CD50AA2}.Debug|Any CPU.ActiveCfg = Debug|Any CPU
		{9E5143F2-F821-4B7B-893F-AD391CD50AA2}.Debug|Any CPU.Build.0 = Debug|Any CPU
		{9E5143F2-F821-4B7B-893F-AD391CD50AA2}.DEV|Any CPU.ActiveCfg = Debug|Any CPU
		{9E5143F2-F821-4B7B-893F-AD391CD50AA2}.DEV|Any CPU.Build.0 = Debug|Any CPU
		{9E5143F2-F821-4B7B-893F-AD391CD50AA2}.Performance|Any CPU.ActiveCfg = Release|Any CPU
		{9E5143F2-F821-4B7B-893F-AD391CD50AA2}.Performance|Any CPU.Build.0 = Release|Any CPU
		{9E5143F2-F821-4B7B-893F-AD391CD50AA2}.PROD|Any CPU.ActiveCfg = Release|Any CPU
		{9E5143F2-F821-4B7B-893F-AD391CD50AA2}.PROD|Any CPU.Build.0 = Release|Any CPU
		{9E5143F2-F821-4B7B-893F-AD391CD50AA2}.Release|Any CPU.ActiveCfg = Release|Any CPU
		{9E5143F2-F821-4B7B-893F-AD391CD50AA2}.Release|Any CPU.Build.0 = Release|Any CPU
		{9E5143F2-F821-4B7B-893F-AD391CD50AA2}.TST|Any CPU.ActiveCfg = Release|Any CPU
		{9E5143F2-F821-4B7B-893F-AD391CD50AA2}.TST|Any CPU.Build.0 = Release|Any CPU
		{9E5143F2-F821-4B7B-893F-AD391CD50AA2}.UAT|Any CPU.ActiveCfg = Release|Any CPU
		{9E5143F2-F821-4B7B-893F-AD391CD50AA2}.UAT|Any CPU.Build.0 = Release|Any CPU
		{EAA3629D-14FC-4066-9E86-3E8EBB771C71}.Debug|Any CPU.ActiveCfg = Debug|Any CPU
		{EAA3629D-14FC-4066-9E86-3E8EBB771C71}.Debug|Any CPU.Build.0 = Debug|Any CPU
		{EAA3629D-14FC-4066-9E86-3E8EBB771C71}.DEV|Any CPU.ActiveCfg = Debug|Any CPU
		{EAA3629D-14FC-4066-9E86-3E8EBB771C71}.DEV|Any CPU.Build.0 = Debug|Any CPU
		{EAA3629D-14FC-4066-9E86-3E8EBB771C71}.Performance|Any CPU.ActiveCfg = Release|Any CPU
		{EAA3629D-14FC-4066-9E86-3E8EBB771C71}.Performance|Any CPU.Build.0 = Release|Any CPU
		{EAA3629D-14FC-4066-9E86-3E8EBB771C71}.PROD|Any CPU.ActiveCfg = Release|Any CPU
		{EAA3629D-14FC-4066-9E86-3E8EBB771C71}.PROD|Any CPU.Build.0 = Release|Any CPU
		{EAA3629D-14FC-4066-9E86-3E8EBB771C71}.Release|Any CPU.ActiveCfg = Release|Any CPU
		{EAA3629D-14FC-4066-9E86-3E8EBB771C71}.Release|Any CPU.Build.0 = Release|Any CPU
		{EAA3629D-14FC-4066-9E86-3E8EBB771C71}.TST|Any CPU.ActiveCfg = Release|Any CPU
		{EAA3629D-14FC-4066-9E86-3E8EBB771C71}.TST|Any CPU.Build.0 = Release|Any CPU
		{EAA3629D-14FC-4066-9E86-3E8EBB771C71}.UAT|Any CPU.ActiveCfg = Release|Any CPU
		{EAA3629D-14FC-4066-9E86-3E8EBB771C71}.UAT|Any CPU.Build.0 = Release|Any CPU
		{322508F6-9981-473F-A710-9C61BBAD8DE4}.Debug|Any CPU.ActiveCfg = Debug|Any CPU
		{322508F6-9981-473F-A710-9C61BBAD8DE4}.Debug|Any CPU.Build.0 = Debug|Any CPU
		{322508F6-9981-473F-A710-9C61BBAD8DE4}.DEV|Any CPU.ActiveCfg = Debug|Any CPU
		{322508F6-9981-473F-A710-9C61BBAD8DE4}.DEV|Any CPU.Build.0 = Debug|Any CPU
		{322508F6-9981-473F-A710-9C61BBAD8DE4}.Performance|Any CPU.ActiveCfg = Release|Any CPU
		{322508F6-9981-473F-A710-9C61BBAD8DE4}.Performance|Any CPU.Build.0 = Release|Any CPU
		{322508F6-9981-473F-A710-9C61BBAD8DE4}.PROD|Any CPU.ActiveCfg = Release|Any CPU
		{322508F6-9981-473F-A710-9C61BBAD8DE4}.PROD|Any CPU.Build.0 = Release|Any CPU
		{322508F6-9981-473F-A710-9C61BBAD8DE4}.Release|Any CPU.ActiveCfg = Release|Any CPU
		{322508F6-9981-473F-A710-9C61BBAD8DE4}.Release|Any CPU.Build.0 = Release|Any CPU
		{322508F6-9981-473F-A710-9C61BBAD8DE4}.TST|Any CPU.ActiveCfg = Release|Any CPU
		{322508F6-9981-473F-A710-9C61BBAD8DE4}.TST|Any CPU.Build.0 = Release|Any CPU
		{322508F6-9981-473F-A710-9C61BBAD8DE4}.UAT|Any CPU.ActiveCfg = Release|Any CPU
		{322508F6-9981-473F-A710-9C61BBAD8DE4}.UAT|Any CPU.Build.0 = Release|Any CPU
		{426743DD-C588-427A-A423-59C4AB562E7B}.Debug|Any CPU.ActiveCfg = Debug|Any CPU
		{426743DD-C588-427A-A423-59C4AB562E7B}.Debug|Any CPU.Build.0 = Debug|Any CPU
		{426743DD-C588-427A-A423-59C4AB562E7B}.DEV|Any CPU.ActiveCfg = Debug|Any CPU
		{426743DD-C588-427A-A423-59C4AB562E7B}.DEV|Any CPU.Build.0 = Debug|Any CPU
		{426743DD-C588-427A-A423-59C4AB562E7B}.Performance|Any CPU.ActiveCfg = Release|Any CPU
		{426743DD-C588-427A-A423-59C4AB562E7B}.Performance|Any CPU.Build.0 = Release|Any CPU
		{426743DD-C588-427A-A423-59C4AB562E7B}.PROD|Any CPU.ActiveCfg = Release|Any CPU
		{426743DD-C588-427A-A423-59C4AB562E7B}.PROD|Any CPU.Build.0 = Release|Any CPU
		{426743DD-C588-427A-A423-59C4AB562E7B}.Release|Any CPU.ActiveCfg = Release|Any CPU
		{426743DD-C588-427A-A423-59C4AB562E7B}.Release|Any CPU.Build.0 = Release|Any CPU
		{426743DD-C588-427A-A423-59C4AB562E7B}.TST|Any CPU.ActiveCfg = Release|Any CPU
		{426743DD-C588-427A-A423-59C4AB562E7B}.TST|Any CPU.Build.0 = Release|Any CPU
		{426743DD-C588-427A-A423-59C4AB562E7B}.UAT|Any CPU.ActiveCfg = Release|Any CPU
		{426743DD-C588-427A-A423-59C4AB562E7B}.UAT|Any CPU.Build.0 = Release|Any CPU
		{EE575F55-D7C9-45A3-9AF7-B6D6B492C3BF}.Debug|Any CPU.ActiveCfg = Debug|Any CPU
		{EE575F55-D7C9-45A3-9AF7-B6D6B492C3BF}.Debug|Any CPU.Build.0 = Debug|Any CPU
		{EE575F55-D7C9-45A3-9AF7-B6D6B492C3BF}.DEV|Any CPU.ActiveCfg = Debug|Any CPU
		{EE575F55-D7C9-45A3-9AF7-B6D6B492C3BF}.DEV|Any CPU.Build.0 = Debug|Any CPU
		{EE575F55-D7C9-45A3-9AF7-B6D6B492C3BF}.Performance|Any CPU.ActiveCfg = Release|Any CPU
		{EE575F55-D7C9-45A3-9AF7-B6D6B492C3BF}.Performance|Any CPU.Build.0 = Release|Any CPU
		{EE575F55-D7C9-45A3-9AF7-B6D6B492C3BF}.PROD|Any CPU.ActiveCfg = Release|Any CPU
		{EE575F55-D7C9-45A3-9AF7-B6D6B492C3BF}.PROD|Any CPU.Build.0 = Release|Any CPU
		{EE575F55-D7C9-45A3-9AF7-B6D6B492C3BF}.Release|Any CPU.ActiveCfg = Release|Any CPU
		{EE575F55-D7C9-45A3-9AF7-B6D6B492C3BF}.Release|Any CPU.Build.0 = Release|Any CPU
		{EE575F55-D7C9-45A3-9AF7-B6D6B492C3BF}.TST|Any CPU.ActiveCfg = Release|Any CPU
		{EE575F55-D7C9-45A3-9AF7-B6D6B492C3BF}.TST|Any CPU.Build.0 = Release|Any CPU
		{EE575F55-D7C9-45A3-9AF7-B6D6B492C3BF}.UAT|Any CPU.ActiveCfg = Release|Any CPU
		{EE575F55-D7C9-45A3-9AF7-B6D6B492C3BF}.UAT|Any CPU.Build.0 = Release|Any CPU
		{CF2679F6-DF81-43E9-B2B8-F8937230B576}.Debug|Any CPU.ActiveCfg = Debug|Any CPU
		{CF2679F6-DF81-43E9-B2B8-F8937230B576}.Debug|Any CPU.Build.0 = Debug|Any CPU
		{CF2679F6-DF81-43E9-B2B8-F8937230B576}.DEV|Any CPU.ActiveCfg = Debug|Any CPU
		{CF2679F6-DF81-43E9-B2B8-F8937230B576}.DEV|Any CPU.Build.0 = Debug|Any CPU
		{CF2679F6-DF81-43E9-B2B8-F8937230B576}.Performance|Any CPU.ActiveCfg = Release|Any CPU
		{CF2679F6-DF81-43E9-B2B8-F8937230B576}.Performance|Any CPU.Build.0 = Release|Any CPU
		{CF2679F6-DF81-43E9-B2B8-F8937230B576}.PROD|Any CPU.ActiveCfg = Release|Any CPU
		{CF2679F6-DF81-43E9-B2B8-F8937230B576}.PROD|Any CPU.Build.0 = Release|Any CPU
		{CF2679F6-DF81-43E9-B2B8-F8937230B576}.Release|Any CPU.ActiveCfg = Release|Any CPU
		{CF2679F6-DF81-43E9-B2B8-F8937230B576}.Release|Any CPU.Build.0 = Release|Any CPU
		{CF2679F6-DF81-43E9-B2B8-F8937230B576}.TST|Any CPU.ActiveCfg = Release|Any CPU
		{CF2679F6-DF81-43E9-B2B8-F8937230B576}.TST|Any CPU.Build.0 = Release|Any CPU
		{CF2679F6-DF81-43E9-B2B8-F8937230B576}.UAT|Any CPU.ActiveCfg = Release|Any CPU
		{CF2679F6-DF81-43E9-B2B8-F8937230B576}.UAT|Any CPU.Build.0 = Release|Any CPU
		{8E6E1FD2-D644-482F-A2E1-10DB05812A51}.Debug|Any CPU.ActiveCfg = Debug|Any CPU
		{8E6E1FD2-D644-482F-A2E1-10DB05812A51}.Debug|Any CPU.Build.0 = Debug|Any CPU
		{8E6E1FD2-D644-482F-A2E1-10DB05812A51}.DEV|Any CPU.ActiveCfg = Debug|Any CPU
		{8E6E1FD2-D644-482F-A2E1-10DB05812A51}.DEV|Any CPU.Build.0 = Debug|Any CPU
		{8E6E1FD2-D644-482F-A2E1-10DB05812A51}.Performance|Any CPU.ActiveCfg = Release|Any CPU
		{8E6E1FD2-D644-482F-A2E1-10DB05812A51}.Performance|Any CPU.Build.0 = Release|Any CPU
		{8E6E1FD2-D644-482F-A2E1-10DB05812A51}.PROD|Any CPU.ActiveCfg = Release|Any CPU
		{8E6E1FD2-D644-482F-A2E1-10DB05812A51}.PROD|Any CPU.Build.0 = Release|Any CPU
		{8E6E1FD2-D644-482F-A2E1-10DB05812A51}.Release|Any CPU.ActiveCfg = Release|Any CPU
		{8E6E1FD2-D644-482F-A2E1-10DB05812A51}.Release|Any CPU.Build.0 = Release|Any CPU
		{8E6E1FD2-D644-482F-A2E1-10DB05812A51}.TST|Any CPU.ActiveCfg = Release|Any CPU
		{8E6E1FD2-D644-482F-A2E1-10DB05812A51}.TST|Any CPU.Build.0 = Release|Any CPU
		{8E6E1FD2-D644-482F-A2E1-10DB05812A51}.UAT|Any CPU.ActiveCfg = Release|Any CPU
		{8E6E1FD2-D644-482F-A2E1-10DB05812A51}.UAT|Any CPU.Build.0 = Release|Any CPU
		{04F1A1D6-5F20-4FB1-9CDF-50FD1F2EECC8}.Debug|Any CPU.ActiveCfg = Debug|Any CPU
		{04F1A1D6-5F20-4FB1-9CDF-50FD1F2EECC8}.Debug|Any CPU.Build.0 = Debug|Any CPU
		{04F1A1D6-5F20-4FB1-9CDF-50FD1F2EECC8}.DEV|Any CPU.ActiveCfg = Debug|Any CPU
		{04F1A1D6-5F20-4FB1-9CDF-50FD1F2EECC8}.DEV|Any CPU.Build.0 = Debug|Any CPU
		{04F1A1D6-5F20-4FB1-9CDF-50FD1F2EECC8}.Performance|Any CPU.ActiveCfg = Release|Any CPU
		{04F1A1D6-5F20-4FB1-9CDF-50FD1F2EECC8}.Performance|Any CPU.Build.0 = Release|Any CPU
		{04F1A1D6-5F20-4FB1-9CDF-50FD1F2EECC8}.PROD|Any CPU.ActiveCfg = Release|Any CPU
		{04F1A1D6-5F20-4FB1-9CDF-50FD1F2EECC8}.PROD|Any CPU.Build.0 = Release|Any CPU
		{04F1A1D6-5F20-4FB1-9CDF-50FD1F2EECC8}.Release|Any CPU.ActiveCfg = Release|Any CPU
		{04F1A1D6-5F20-4FB1-9CDF-50FD1F2EECC8}.Release|Any CPU.Build.0 = Release|Any CPU
		{04F1A1D6-5F20-4FB1-9CDF-50FD1F2EECC8}.TST|Any CPU.ActiveCfg = Release|Any CPU
		{04F1A1D6-5F20-4FB1-9CDF-50FD1F2EECC8}.TST|Any CPU.Build.0 = Release|Any CPU
		{04F1A1D6-5F20-4FB1-9CDF-50FD1F2EECC8}.UAT|Any CPU.ActiveCfg = Release|Any CPU
		{04F1A1D6-5F20-4FB1-9CDF-50FD1F2EECC8}.UAT|Any CPU.Build.0 = Release|Any CPU
		{8F6823AE-087D-4C67-ABBB-A1F26D0714BF}.Debug|Any CPU.ActiveCfg = Debug|Any CPU
		{8F6823AE-087D-4C67-ABBB-A1F26D0714BF}.Debug|Any CPU.Build.0 = Debug|Any CPU
		{8F6823AE-087D-4C67-ABBB-A1F26D0714BF}.DEV|Any CPU.ActiveCfg = Debug|Any CPU
		{8F6823AE-087D-4C67-ABBB-A1F26D0714BF}.DEV|Any CPU.Build.0 = Debug|Any CPU
		{8F6823AE-087D-4C67-ABBB-A1F26D0714BF}.Performance|Any CPU.ActiveCfg = Release|Any CPU
		{8F6823AE-087D-4C67-ABBB-A1F26D0714BF}.Performance|Any CPU.Build.0 = Release|Any CPU
		{8F6823AE-087D-4C67-ABBB-A1F26D0714BF}.PROD|Any CPU.ActiveCfg = Release|Any CPU
		{8F6823AE-087D-4C67-ABBB-A1F26D0714BF}.PROD|Any CPU.Build.0 = Release|Any CPU
		{8F6823AE-087D-4C67-ABBB-A1F26D0714BF}.Release|Any CPU.ActiveCfg = Release|Any CPU
		{8F6823AE-087D-4C67-ABBB-A1F26D0714BF}.Release|Any CPU.Build.0 = Release|Any CPU
		{8F6823AE-087D-4C67-ABBB-A1F26D0714BF}.TST|Any CPU.ActiveCfg = Release|Any CPU
		{8F6823AE-087D-4C67-ABBB-A1F26D0714BF}.TST|Any CPU.Build.0 = Release|Any CPU
		{8F6823AE-087D-4C67-ABBB-A1F26D0714BF}.UAT|Any CPU.ActiveCfg = Release|Any CPU
		{8F6823AE-087D-4C67-ABBB-A1F26D0714BF}.UAT|Any CPU.Build.0 = Release|Any CPU
		{90AFFDF9-3C95-4784-B910-2CD46A003EE0}.Debug|Any CPU.ActiveCfg = Debug|Any CPU
		{90AFFDF9-3C95-4784-B910-2CD46A003EE0}.Debug|Any CPU.Build.0 = Debug|Any CPU
		{90AFFDF9-3C95-4784-B910-2CD46A003EE0}.DEV|Any CPU.ActiveCfg = Debug|Any CPU
		{90AFFDF9-3C95-4784-B910-2CD46A003EE0}.DEV|Any CPU.Build.0 = Debug|Any CPU
		{90AFFDF9-3C95-4784-B910-2CD46A003EE0}.Performance|Any CPU.ActiveCfg = Release|Any CPU
		{90AFFDF9-3C95-4784-B910-2CD46A003EE0}.Performance|Any CPU.Build.0 = Release|Any CPU
		{90AFFDF9-3C95-4784-B910-2CD46A003EE0}.PROD|Any CPU.ActiveCfg = Release|Any CPU
		{90AFFDF9-3C95-4784-B910-2CD46A003EE0}.PROD|Any CPU.Build.0 = Release|Any CPU
		{90AFFDF9-3C95-4784-B910-2CD46A003EE0}.Release|Any CPU.ActiveCfg = Release|Any CPU
		{90AFFDF9-3C95-4784-B910-2CD46A003EE0}.Release|Any CPU.Build.0 = Release|Any CPU
		{90AFFDF9-3C95-4784-B910-2CD46A003EE0}.TST|Any CPU.ActiveCfg = Release|Any CPU
		{90AFFDF9-3C95-4784-B910-2CD46A003EE0}.TST|Any CPU.Build.0 = Release|Any CPU
		{90AFFDF9-3C95-4784-B910-2CD46A003EE0}.UAT|Any CPU.ActiveCfg = Release|Any CPU
		{90AFFDF9-3C95-4784-B910-2CD46A003EE0}.UAT|Any CPU.Build.0 = Release|Any CPU
		{0F14E876-6876-410D-B819-8D4912669376}.Debug|Any CPU.ActiveCfg = Debug|Any CPU
		{0F14E876-6876-410D-B819-8D4912669376}.Debug|Any CPU.Build.0 = Debug|Any CPU
		{0F14E876-6876-410D-B819-8D4912669376}.DEV|Any CPU.ActiveCfg = Debug|Any CPU
		{0F14E876-6876-410D-B819-8D4912669376}.DEV|Any CPU.Build.0 = Debug|Any CPU
		{0F14E876-6876-410D-B819-8D4912669376}.Performance|Any CPU.ActiveCfg = Release|Any CPU
		{0F14E876-6876-410D-B819-8D4912669376}.Performance|Any CPU.Build.0 = Release|Any CPU
		{0F14E876-6876-410D-B819-8D4912669376}.PROD|Any CPU.ActiveCfg = Release|Any CPU
		{0F14E876-6876-410D-B819-8D4912669376}.PROD|Any CPU.Build.0 = Release|Any CPU
		{0F14E876-6876-410D-B819-8D4912669376}.Release|Any CPU.ActiveCfg = Release|Any CPU
		{0F14E876-6876-410D-B819-8D4912669376}.Release|Any CPU.Build.0 = Release|Any CPU
		{0F14E876-6876-410D-B819-8D4912669376}.TST|Any CPU.ActiveCfg = Release|Any CPU
		{0F14E876-6876-410D-B819-8D4912669376}.TST|Any CPU.Build.0 = Release|Any CPU
		{0F14E876-6876-410D-B819-8D4912669376}.UAT|Any CPU.ActiveCfg = Release|Any CPU
		{0F14E876-6876-410D-B819-8D4912669376}.UAT|Any CPU.Build.0 = Release|Any CPU
		{623ACB82-6F35-4FC3-A93A-72E4EE479AE5}.Debug|Any CPU.ActiveCfg = Debug|Any CPU
		{623ACB82-6F35-4FC3-A93A-72E4EE479AE5}.Debug|Any CPU.Build.0 = Debug|Any CPU
		{623ACB82-6F35-4FC3-A93A-72E4EE479AE5}.DEV|Any CPU.ActiveCfg = Debug|Any CPU
		{623ACB82-6F35-4FC3-A93A-72E4EE479AE5}.DEV|Any CPU.Build.0 = Debug|Any CPU
		{623ACB82-6F35-4FC3-A93A-72E4EE479AE5}.Performance|Any CPU.ActiveCfg = Release|Any CPU
		{623ACB82-6F35-4FC3-A93A-72E4EE479AE5}.Performance|Any CPU.Build.0 = Release|Any CPU
		{623ACB82-6F35-4FC3-A93A-72E4EE479AE5}.PROD|Any CPU.ActiveCfg = Release|Any CPU
		{623ACB82-6F35-4FC3-A93A-72E4EE479AE5}.PROD|Any CPU.Build.0 = Release|Any CPU
		{623ACB82-6F35-4FC3-A93A-72E4EE479AE5}.Release|Any CPU.ActiveCfg = Release|Any CPU
		{623ACB82-6F35-4FC3-A93A-72E4EE479AE5}.Release|Any CPU.Build.0 = Release|Any CPU
		{623ACB82-6F35-4FC3-A93A-72E4EE479AE5}.TST|Any CPU.ActiveCfg = Release|Any CPU
		{623ACB82-6F35-4FC3-A93A-72E4EE479AE5}.TST|Any CPU.Build.0 = Release|Any CPU
		{623ACB82-6F35-4FC3-A93A-72E4EE479AE5}.UAT|Any CPU.ActiveCfg = Release|Any CPU
		{623ACB82-6F35-4FC3-A93A-72E4EE479AE5}.UAT|Any CPU.Build.0 = Release|Any CPU
		{282B56C4-E582-4381-B8F6-AA9A19275F57}.Debug|Any CPU.ActiveCfg = Debug|Any CPU
		{282B56C4-E582-4381-B8F6-AA9A19275F57}.Debug|Any CPU.Build.0 = Debug|Any CPU
		{282B56C4-E582-4381-B8F6-AA9A19275F57}.DEV|Any CPU.ActiveCfg = Debug|Any CPU
		{282B56C4-E582-4381-B8F6-AA9A19275F57}.DEV|Any CPU.Build.0 = Debug|Any CPU
		{282B56C4-E582-4381-B8F6-AA9A19275F57}.Performance|Any CPU.ActiveCfg = Release|Any CPU
		{282B56C4-E582-4381-B8F6-AA9A19275F57}.Performance|Any CPU.Build.0 = Release|Any CPU
		{282B56C4-E582-4381-B8F6-AA9A19275F57}.PROD|Any CPU.ActiveCfg = Release|Any CPU
		{282B56C4-E582-4381-B8F6-AA9A19275F57}.PROD|Any CPU.Build.0 = Release|Any CPU
		{282B56C4-E582-4381-B8F6-AA9A19275F57}.Release|Any CPU.ActiveCfg = Release|Any CPU
		{282B56C4-E582-4381-B8F6-AA9A19275F57}.Release|Any CPU.Build.0 = Release|Any CPU
		{282B56C4-E582-4381-B8F6-AA9A19275F57}.TST|Any CPU.ActiveCfg = Release|Any CPU
		{282B56C4-E582-4381-B8F6-AA9A19275F57}.TST|Any CPU.Build.0 = Release|Any CPU
		{282B56C4-E582-4381-B8F6-AA9A19275F57}.UAT|Any CPU.ActiveCfg = Release|Any CPU
		{282B56C4-E582-4381-B8F6-AA9A19275F57}.UAT|Any CPU.Build.0 = Release|Any CPU
		{32D613AA-CADE-4C3E-8E89-B8FAC20807AA}.Debug|Any CPU.ActiveCfg = Debug|Any CPU
		{32D613AA-CADE-4C3E-8E89-B8FAC20807AA}.Debug|Any CPU.Build.0 = Debug|Any CPU
		{32D613AA-CADE-4C3E-8E89-B8FAC20807AA}.DEV|Any CPU.ActiveCfg = Debug|Any CPU
		{32D613AA-CADE-4C3E-8E89-B8FAC20807AA}.DEV|Any CPU.Build.0 = Debug|Any CPU
		{32D613AA-CADE-4C3E-8E89-B8FAC20807AA}.Performance|Any CPU.ActiveCfg = Release|Any CPU
		{32D613AA-CADE-4C3E-8E89-B8FAC20807AA}.Performance|Any CPU.Build.0 = Release|Any CPU
		{32D613AA-CADE-4C3E-8E89-B8FAC20807AA}.PROD|Any CPU.ActiveCfg = Release|Any CPU
		{32D613AA-CADE-4C3E-8E89-B8FAC20807AA}.PROD|Any CPU.Build.0 = Release|Any CPU
		{32D613AA-CADE-4C3E-8E89-B8FAC20807AA}.Release|Any CPU.ActiveCfg = Release|Any CPU
		{32D613AA-CADE-4C3E-8E89-B8FAC20807AA}.Release|Any CPU.Build.0 = Release|Any CPU
		{32D613AA-CADE-4C3E-8E89-B8FAC20807AA}.TST|Any CPU.ActiveCfg = Release|Any CPU
		{32D613AA-CADE-4C3E-8E89-B8FAC20807AA}.TST|Any CPU.Build.0 = Release|Any CPU
		{32D613AA-CADE-4C3E-8E89-B8FAC20807AA}.UAT|Any CPU.ActiveCfg = Release|Any CPU
		{32D613AA-CADE-4C3E-8E89-B8FAC20807AA}.UAT|Any CPU.Build.0 = Release|Any CPU
	EndGlobalSection
	GlobalSection(SolutionProperties) = preSolution
		HideSolutionNode = FALSE
	EndGlobalSection
	GlobalSection(NestedProjects) = preSolution
		{C3370808-2F7C-45A4-8408-97C64383EC38} = {3A4E6067-D4D5-4380-99E4-C97834466661}
		{1B3C7407-3B0F-46AC-94DE-F054C896B23D} = {3A4E6067-D4D5-4380-99E4-C97834466661}
		{4D36D1AE-FB9B-47FD-A196-07872A411AF2} = {AF4D0493-4CB9-49C1-9EAB-89C74450FA16}
		{1147CA36-61B4-4C39-AB7F-7E04B680DD12} = {3A4E6067-D4D5-4380-99E4-C97834466661}
		{40E2F1E2-0F84-4436-9352-D76A6B6A2FC7} = {8B74AC2B-747E-4B0C-8127-7D136393AA3E}
		{502E19B9-F26B-4A7A-89C9-E432A6E39036} = {8B74AC2B-747E-4B0C-8127-7D136393AA3E}
		{ACFA8188-4733-4142-8A02-53861B9A3E37} = {8B74AC2B-747E-4B0C-8127-7D136393AA3E}
		{E50B3543-0182-4162-9828-5C2148CB9C22} = {3A4E6067-D4D5-4380-99E4-C97834466661}
		{E37DDD92-38EF-4013-AA4E-A38152FA5683} = {4ABF3E1B-ADF0-400F-9899-D98F5874AE39}
		{EC9B13D9-1887-4182-930B-E12801D8BFAD} = {E37DDD92-38EF-4013-AA4E-A38152FA5683}
		{25D5C1B7-8413-497A-B388-A2C17379C0C0} = {E37DDD92-38EF-4013-AA4E-A38152FA5683}
		{318252E8-27CA-479F-A4AC-76842D7E5423} = {E37DDD92-38EF-4013-AA4E-A38152FA5683}
		{ED23CF9C-7712-4BCE-9F62-06818053AC9F} = {E37DDD92-38EF-4013-AA4E-A38152FA5683}
		{1970A211-9139-407E-82D5-25C6BB1CEB08} = {BAAD02A2-885F-4906-9AA9-F7C6049AB596}
		{256366FD-7FFF-4303-96B9-869B3C178357} = {1970A211-9139-407E-82D5-25C6BB1CEB08}
		{3C29955C-92E2-4956-BBEA-4978968AE8C9} = {1970A211-9139-407E-82D5-25C6BB1CEB08}
		{C5F21AAD-9F00-45B1-92FE-A73BE2291C4B} = {1970A211-9139-407E-82D5-25C6BB1CEB08}
		{89F90EB8-CE0A-4AF2-A5A2-99DDE8121DB4} = {1970A211-9139-407E-82D5-25C6BB1CEB08}
		{F487D26E-3167-47E5-B5E6-15B26ECCE1CF} = {89F90EB8-CE0A-4AF2-A5A2-99DDE8121DB4}
		{DA87C316-AC3C-45BB-B738-38C0CC136050} = {BAAD02A2-885F-4906-9AA9-F7C6049AB596}
		{AE90492D-B2EB-43BF-91BE-D451C2BC6675} = {DA87C316-AC3C-45BB-B738-38C0CC136050}
		{A79AADE8-885B-40BF-B0D8-BA6D3905C32F} = {DA87C316-AC3C-45BB-B738-38C0CC136050}
		{719A8CB7-56CD-4017-A115-02F41BD5B7F2} = {DA87C316-AC3C-45BB-B738-38C0CC136050}
		{D6F8521F-9763-4CC8-8160-450AA6B6FB6E} = {DA87C316-AC3C-45BB-B738-38C0CC136050}
		{5D508DF9-C291-41FC-BDA6-3858DCDD2162} = {D6F8521F-9763-4CC8-8160-450AA6B6FB6E}
		{1A682324-C83C-418E-A4C3-450EC7F14EBA} = {ED23CF9C-7712-4BCE-9F62-06818053AC9F}
		{2F5C926F-5658-4E6C-93FF-59A587D76242} = {ED23CF9C-7712-4BCE-9F62-06818053AC9F}
		{9EB3D45C-7BEF-4715-826C-0240697894E7} = {ED23CF9C-7712-4BCE-9F62-06818053AC9F}
		{55489318-362E-48CD-8146-88D750912CDA} = {89F90EB8-CE0A-4AF2-A5A2-99DDE8121DB4}
		{1F88AC5D-DBC1-40B6-BAD2-26F6407D1806} = {D6F8521F-9763-4CC8-8160-450AA6B6FB6E}
		{D4CC2D41-BF8B-43B6-B980-984A64F72546} = {BAAD02A2-885F-4906-9AA9-F7C6049AB596}
		{AFF59167-2A17-43A4-BECD-821608F64FB8} = {D4CC2D41-BF8B-43B6-B980-984A64F72546}
		{1397C1FC-A575-4271-942E-433A98C8D1A8} = {AFF59167-2A17-43A4-BECD-821608F64FB8}
		{02EE1FEF-C69D-4741-8F00-F0A078C6E7B6} = {AFF59167-2A17-43A4-BECD-821608F64FB8}
		{4695BF8A-B33B-4C14-8C48-179D535DD578} = {AFF59167-2A17-43A4-BECD-821608F64FB8}
		{7A904D63-1F1F-4411-BAFE-1CF03CE36E59} = {AFF59167-2A17-43A4-BECD-821608F64FB8}
		{CF1A9ECA-4F1A-4ADC-9D5A-33E153AD28C9} = {7A904D63-1F1F-4411-BAFE-1CF03CE36E59}
		{CA72FE1E-B3A8-45A7-AD48-9CDD1CDB633E} = {7A904D63-1F1F-4411-BAFE-1CF03CE36E59}
		{CAD17814-981E-42E1-B642-D1C64A784EBB} = {BAAD02A2-885F-4906-9AA9-F7C6049AB596}
		{C4116E32-C626-41A7-8739-AFA6A22C0654} = {CAD17814-981E-42E1-B642-D1C64A784EBB}
		{1DC79147-342B-4057-9D8B-E88D4750D286} = {CAD17814-981E-42E1-B642-D1C64A784EBB}
		{F57F9848-AC43-4F25-B6FA-77765508F7D1} = {CAD17814-981E-42E1-B642-D1C64A784EBB}
		{9E5143F2-F821-4B7B-893F-AD391CD50AA2} = {CAD17814-981E-42E1-B642-D1C64A784EBB}
		{EAA3629D-14FC-4066-9E86-3E8EBB771C71} = {C4116E32-C626-41A7-8739-AFA6A22C0654}
		{322508F6-9981-473F-A710-9C61BBAD8DE4} = {C4116E32-C626-41A7-8739-AFA6A22C0654}
		{426743DD-C588-427A-A423-59C4AB562E7B} = {7A904D63-1F1F-4411-BAFE-1CF03CE36E59}
		{4ABF3E1B-ADF0-400F-9899-D98F5874AE39} = {BAAD02A2-885F-4906-9AA9-F7C6049AB596}
		{5C5905E6-1545-4C97-9BB7-F1BA2DB764B4} = {4ABF3E1B-ADF0-400F-9899-D98F5874AE39}
		{EE575F55-D7C9-45A3-9AF7-B6D6B492C3BF} = {5C5905E6-1545-4C97-9BB7-F1BA2DB764B4}
		{CF2679F6-DF81-43E9-B2B8-F8937230B576} = {5C5905E6-1545-4C97-9BB7-F1BA2DB764B4}
		{8E6E1FD2-D644-482F-A2E1-10DB05812A51} = {5C5905E6-1545-4C97-9BB7-F1BA2DB764B4}
		{406B29A3-A2B1-4580-BB29-64C01B90C83D} = {BAAD02A2-885F-4906-9AA9-F7C6049AB596}
		{04F1A1D6-5F20-4FB1-9CDF-50FD1F2EECC8} = {406B29A3-A2B1-4580-BB29-64C01B90C83D}
		{8F6823AE-087D-4C67-ABBB-A1F26D0714BF} = {406B29A3-A2B1-4580-BB29-64C01B90C83D}
		{90AFFDF9-3C95-4784-B910-2CD46A003EE0} = {9EFB0C40-5E1C-495C-B5C6-18FFF0B2088F}
		{0F14E876-6876-410D-B819-8D4912669376} = {9EFB0C40-5E1C-495C-B5C6-18FFF0B2088F}
		{1E5751D0-EE86-4551-BFB1-E02782568748} = {4ABF3E1B-ADF0-400F-9899-D98F5874AE39}
		{0701D79E-E2EC-4DED-85C1-1A1472246139} = {1E5751D0-EE86-4551-BFB1-E02782568748}
		{623ACB82-6F35-4FC3-A93A-72E4EE479AE5} = {1E5751D0-EE86-4551-BFB1-E02782568748}
		{282B56C4-E582-4381-B8F6-AA9A19275F57} = {1E5751D0-EE86-4551-BFB1-E02782568748}
		{32D613AA-CADE-4C3E-8E89-B8FAC20807AA} = {1E5751D0-EE86-4551-BFB1-E02782568748}
	EndGlobalSection
	GlobalSection(ExtensibilityGlobals) = postSolution
		SolutionGuid = {0F84526D-82AB-4BE7-B964-1B27B3DC10D7}
	EndGlobalSection
EndGlobal
